// !$*UTF8*$!
{
	archiveVersion = 1;
	classes = {
	};
	objectVersion = 48;
	objects = {

/* Begin PBXBuildFile section */
		2101395521A09BB700F9C5F2 /* hideventsystem.c in Sources */ = {isa = PBXBuildFile; fileRef = 2101395321A09BB700F9C5F2 /* hideventsystem.c */; settings = {COMPILER_FLAGS = "-Wno-everything"; }; };
		2116449A21737F9500250744 /* JailbreakViewController.m in Sources */ = {isa = PBXBuildFile; fileRef = 21C0FC6E21369EB700849420 /* JailbreakViewController.m */; };
		212D8844216E4C4800A36DA5 /* find_port.c in Sources */ = {isa = PBXBuildFile; fileRef = 212D8842216E4C4700A36DA5 /* find_port.c */; };
		212D8847216E4DF600A36DA5 /* early_kalloc.c in Sources */ = {isa = PBXBuildFile; fileRef = 212D8846216E4DF600A36DA5 /* early_kalloc.c */; };
		212D884A216E4EBF00A36DA5 /* async_wake.c in Sources */ = {isa = PBXBuildFile; fileRef = 212D8849216E4EBE00A36DA5 /* async_wake.c */; };
		213E78262208654700FDF3B7 /* necp.c in Sources */ = {isa = PBXBuildFile; fileRef = 213E78252208654700FDF3B7 /* necp.c */; settings = {COMPILER_FLAGS = "-Wno-deprecated-declarations"; }; };
		213E7828220865A100FDF3B7 /* voucher_swap-poc.c in Sources */ = {isa = PBXBuildFile; fileRef = 213E7827220865A100FDF3B7 /* voucher_swap-poc.c */; settings = {COMPILER_FLAGS = "-Wno-unused-variable -Wno-unused-function"; }; };
		214A1776224EBE5400588EC4 /* lzssdec.cpp in Sources */ = {isa = PBXBuildFile; fileRef = 214A1773224EBE5400588EC4 /* lzssdec.cpp */; settings = {COMPILER_FLAGS = "-Wno-everything"; }; };
		214A1777224EBE5400588EC4 /* kerneldec.cpp in Sources */ = {isa = PBXBuildFile; fileRef = 214A1774224EBE5400588EC4 /* kerneldec.cpp */; settings = {COMPILER_FLAGS = "-Wno-everything"; }; };
		2150A9CD22021330001C8677 /* voucher_swap.c in Sources */ = {isa = PBXBuildFile; fileRef = 2150A9CC22021330001C8677 /* voucher_swap.c */; settings = {COMPILER_FLAGS = "-Wno-unused-variable -Wno-unused-function"; }; };
		2150A9DC22021348001C8677 /* log.c in Sources */ = {isa = PBXBuildFile; fileRef = 2150A9CE22021347001C8677 /* log.c */; };
		2150A9DD22021348001C8677 /* platform_match.c in Sources */ = {isa = PBXBuildFile; fileRef = 2150A9CF22021347001C8677 /* platform_match.c */; };
		2150A9DE22021348001C8677 /* platform.c in Sources */ = {isa = PBXBuildFile; fileRef = 2150A9D422021347001C8677 /* platform.c */; };
		2150A9DF22021348001C8677 /* kernel_slide.c in Sources */ = {isa = PBXBuildFile; fileRef = 2150A9D622021348001C8677 /* kernel_slide.c */; };
		2150A9E022021348001C8677 /* parameters.c in Sources */ = {isa = PBXBuildFile; fileRef = 2150A9D922021348001C8677 /* parameters.c */; };
		2150A9E122021348001C8677 /* kernel_alloc.c in Sources */ = {isa = PBXBuildFile; fileRef = 2150A9DA22021348001C8677 /* kernel_alloc.c */; };
		2150A9E222021348001C8677 /* kernel_memory.c in Sources */ = {isa = PBXBuildFile; fileRef = 2150A9DB22021348001C8677 /* kernel_memory.c */; };
		2163BE2122A1DB4700518DD9 /* libsandbox.tbd in Frameworks */ = {isa = PBXBuildFile; fileRef = 2163BE2022A1DB4700518DD9 /* libsandbox.tbd */; };
		216F3F3D2228776E007DC1BC /* kernel_call.c in Sources */ = {isa = PBXBuildFile; fileRef = 216F3F362228776D007DC1BC /* kernel_call.c */; };
		216F3F3E2228776E007DC1BC /* user_client.c in Sources */ = {isa = PBXBuildFile; fileRef = 216F3F372228776D007DC1BC /* user_client.c */; };
		216F3F3F2228776E007DC1BC /* pac.c in Sources */ = {isa = PBXBuildFile; fileRef = 216F3F3A2228776D007DC1BC /* pac.c */; };
		216F3F402228776E007DC1BC /* kc_parameters.c in Sources */ = {isa = PBXBuildFile; fileRef = 216F3F3C2228776E007DC1BC /* kc_parameters.c */; };
		216FDA1E220C5F5C0086D802 /* libz.tbd in Frameworks */ = {isa = PBXBuildFile; fileRef = 216FDA1D220C5F5C0086D802 /* libz.tbd */; };
		2170BD3B21B193800059BD10 /* libMobileGestalt.tbd in Frameworks */ = {isa = PBXBuildFile; fileRef = 211D0D84218DEF3E008745D8 /* libMobileGestalt.tbd */; };
		2170BDCD21B332FC0059BD10 /* SpringBoardServices.framework in Frameworks */ = {isa = PBXBuildFile; fileRef = 21C0FC902136A46500849420 /* SpringBoardServices.framework */; };
		2171C4012222E3BB004E45C7 /* SystemConfiguration.framework in Frameworks */ = {isa = PBXBuildFile; fileRef = 2171C4002222E3BB004E45C7 /* SystemConfiguration.framework */; };
		2199B8E9226B40C600A8255D /* kalloc_crash.c in Sources */ = {isa = PBXBuildFile; fileRef = 2199B8E8226B40C600A8255D /* kalloc_crash.c */; };
		219C90A0228703DA00AFA38A /* jailbreak.m in Sources */ = {isa = PBXBuildFile; fileRef = 219C909F228703DA00AFA38A /* jailbreak.m */; settings = {COMPILER_FLAGS = "-Wno-unused-variable -Wno-unused-function -Wno-deprecated-declarations"; }; };
		21A97FD02148103C00DC0023 /* remote_memory.c in Sources */ = {isa = PBXBuildFile; fileRef = 21A97FC62148103B00DC0023 /* remote_memory.c */; };
		21A97FD12148103C00DC0023 /* KernelExecution.m in Sources */ = {isa = PBXBuildFile; fileRef = 21A97FC82148103B00DC0023 /* KernelExecution.m */; };
		21A97FD32148103C00DC0023 /* KernelUtilities.c in Sources */ = {isa = PBXBuildFile; fileRef = 21A97FCC2148103B00DC0023 /* KernelUtilities.c */; settings = {COMPILER_FLAGS = "-Wno-deprecated-declarations"; }; };
		21A97FD42148103C00DC0023 /* remote_call.c in Sources */ = {isa = PBXBuildFile; fileRef = 21A97FCD2148103B00DC0023 /* remote_call.c */; };
		21B421902261302F004C17CD /* MobileCoreServices.framework in Frameworks */ = {isa = PBXBuildFile; fileRef = 21B4218F2261302F004C17CD /* MobileCoreServices.framework */; };
		21BB9804222F05C40012AF40 /* machswap2_pwn.m in Sources */ = {isa = PBXBuildFile; fileRef = 21BB9802222F05C40012AF40 /* machswap2_pwn.m */; settings = {COMPILER_FLAGS = "-Wno-unused-variable -Wno-unused-function"; }; };
		21C0FC6C21369EB700849420 /* AppDelegate.m in Sources */ = {isa = PBXBuildFile; fileRef = 21C0FC6B21369EB700849420 /* AppDelegate.m */; };
		21C0FC7421369EB800849420 /* Assets.xcassets in Resources */ = {isa = PBXBuildFile; fileRef = 21C0FC7321369EB800849420 /* Assets.xcassets */; };
		21C0FC7721369EB800849420 /* LaunchScreen.storyboard in Resources */ = {isa = PBXBuildFile; fileRef = 21C0FC7521369EB800849420 /* LaunchScreen.storyboard */; };
		21C0FC7A21369EB800849420 /* main.m in Sources */ = {isa = PBXBuildFile; fileRef = 21C0FC7921369EB800849420 /* main.m */; };
		21C0FC8721369EE900849420 /* KernelMemory.c in Sources */ = {isa = PBXBuildFile; fileRef = 21C0FC8021369EE900849420 /* KernelMemory.c */; };
		21C0FC8A21369EE900849420 /* KernelOffsets.m in Sources */ = {isa = PBXBuildFile; fileRef = 21C0FC8621369EE900849420 /* KernelOffsets.m */; };
		21C130E0214BC2880021AA9D /* unlocknvram.c in Sources */ = {isa = PBXBuildFile; fileRef = 21C130DE214BC2880021AA9D /* unlocknvram.c */; };
		21C130EB214C03690021AA9D /* CreditsTableViewController.m in Sources */ = {isa = PBXBuildFile; fileRef = 21C130EA214C03690021AA9D /* CreditsTableViewController.m */; };
		21C13119214D268F0021AA9D /* multi_path_sploit.c in Sources */ = {isa = PBXBuildFile; fileRef = 21C13117214D268F0021AA9D /* multi_path_sploit.c */; settings = {COMPILER_FLAGS = "-Wno-everything"; }; };
		21C1312F214E69F80021AA9D /* empty_list_sploit.c in Sources */ = {isa = PBXBuildFile; fileRef = 21C0FC8521369EE900849420 /* empty_list_sploit.c */; settings = {COMPILER_FLAGS = "-Wno-everything"; }; };
		21CC3905227CDFDE0072D572 /* prefs.m in Sources */ = {isa = PBXBuildFile; fileRef = 21CC3902227CDFDE0072D572 /* prefs.m */; };
		21CC3906227CDFDE0072D572 /* diagnostics.m in Sources */ = {isa = PBXBuildFile; fileRef = 21CC3903227CDFDE0072D572 /* diagnostics.m */; };
		21F4D70E21FC7A590070D5E0 /* patchfinder64.c in Sources */ = {isa = PBXBuildFile; fileRef = 21F4D70C21FC7A590070D5E0 /* patchfinder64.c */; settings = {COMPILER_FLAGS = "-Wno-unused-variable -Wno-unused-function"; }; };
		21FED6AB2168F8060024BC95 /* SettingsTableViewController.m in Sources */ = {isa = PBXBuildFile; fileRef = 21C130E5214BDDE20021AA9D /* SettingsTableViewController.m */; };
		21FF63CB224E5FDC008B76D9 /* offsetcache.c in Sources */ = {isa = PBXBuildFile; fileRef = 21FF63C9224E5FDC008B76D9 /* offsetcache.c */; };
		21FFE0F8222E4C0600EC59B2 /* machswap_offsets.m in Sources */ = {isa = PBXBuildFile; fileRef = 21FFE0F6222E4C0600EC59B2 /* machswap_offsets.m */; settings = {COMPILER_FLAGS = "-Wno-unused-variable -Wno-unused-function"; }; };
		21FFE0F9222E4C0600EC59B2 /* machswap_pwn.m in Sources */ = {isa = PBXBuildFile; fileRef = 21FFE0F7222E4C0600EC59B2 /* machswap_pwn.m */; settings = {COMPILER_FLAGS = "-Wno-unused-variable -Wno-unused-function"; }; };
		222AD59321FA731800DCBA2A /* FakeApt.m in Sources */ = {isa = PBXBuildFile; fileRef = 222AD59221FA731800DCBA2A /* FakeApt.m */; };
		225D142221E052960045493D /* ArchiveFile.m in Sources */ = {isa = PBXBuildFile; fileRef = 225D142121E052960045493D /* ArchiveFile.m */; };
		226689DD21EC1C5A00262F66 /* libarchive.2.tbd in Frameworks */ = {isa = PBXBuildFile; fileRef = 226689DC21EC1C5A00262F66 /* libarchive.2.tbd */; };
		22C546AB21A8A8FD00EFC09C /* utils.m in Sources */ = {isa = PBXBuildFile; fileRef = 22C546AA21A8A8FD00EFC09C /* utils.m */; };
		22CFED9221CDFE6B00A216BE /* libmis.tbd in Frameworks */ = {isa = PBXBuildFile; fileRef = 22CFED9121CDFE6B00A216BE /* libmis.tbd */; };
		22F91CDB21E02CF300B2FCAE /* inject.m in Sources */ = {isa = PBXBuildFile; fileRef = 22F91CD921E02CF200B2FCAE /* inject.m */; };
		22F91CE321E033A500B2FCAE /* libsnappy.c in Sources */ = {isa = PBXBuildFile; fileRef = 22F91CE221E033A500B2FCAE /* libsnappy.c */; };
		51435081229E2F0C00446FBA /* Settings-Light.png in Resources */ = {isa = PBXBuildFile; fileRef = 51435080229E2F0C00446FBA /* Settings-Light.png */; };
		51F1DB24229ED54400B81A6F /* DarkMode-Dark.png in Resources */ = {isa = PBXBuildFile; fileRef = 51F1DB22229ED54300B81A6F /* DarkMode-Dark.png */; };
		51F1DB25229ED54400B81A6F /* Settings-Dark.png in Resources */ = {isa = PBXBuildFile; fileRef = 51F1DB23229ED54400B81A6F /* Settings-Dark.png */; };
		8D592A68218E47F60035D2BC /* Main.storyboard in Resources */ = {isa = PBXBuildFile; fileRef = 8D592A67218E47F60035D2BC /* Main.storyboard */; };
/* End PBXBuildFile section */

/* Begin PBXFileReference section */
		2101395321A09BB700F9C5F2 /* hideventsystem.c */ = {isa = PBXFileReference; fileEncoding = 4; lastKnownFileType = sourcecode.c.c; path = hideventsystem.c; sourceTree = "<group>"; };
		2101395421A09BB700F9C5F2 /* hideventsystem.h */ = {isa = PBXFileReference; fileEncoding = 4; lastKnownFileType = sourcecode.c.h; path = hideventsystem.h; sourceTree = "<group>"; };
		211C372521CE2DD700ADBEA2 /* reboot.h */ = {isa = PBXFileReference; fileEncoding = 4; lastKnownFileType = sourcecode.c.h; path = reboot.h; sourceTree = "<group>"; };
		211C372721CE2DD800ADBEA2 /* route.h */ = {isa = PBXFileReference; fileEncoding = 4; lastKnownFileType = sourcecode.c.h; path = route.h; sourceTree = "<group>"; };
		211C372921CE2DD800ADBEA2 /* proc_info.h */ = {isa = PBXFileReference; fileEncoding = 4; lastKnownFileType = sourcecode.c.h; path = proc_info.h; sourceTree = "<group>"; };
		211C372A21CE2DD800ADBEA2 /* kern_control.h */ = {isa = PBXFileReference; fileEncoding = 4; lastKnownFileType = sourcecode.c.h; path = kern_control.h; sourceTree = "<group>"; };
		211D0D84218DEF3E008745D8 /* libMobileGestalt.tbd */ = {isa = PBXFileReference; lastKnownFileType = "sourcecode.text-based-dylib-definition"; name = libMobileGestalt.tbd; path = usr/lib/libMobileGestalt.tbd; sourceTree = SDKROOT; };
		212D8842216E4C4700A36DA5 /* find_port.c */ = {isa = PBXFileReference; fileEncoding = 4; lastKnownFileType = sourcecode.c.c; path = find_port.c; sourceTree = "<group>"; };
		212D8843216E4C4700A36DA5 /* find_port.h */ = {isa = PBXFileReference; fileEncoding = 4; lastKnownFileType = sourcecode.c.h; path = find_port.h; sourceTree = "<group>"; };
		212D8845216E4DF600A36DA5 /* early_kalloc.h */ = {isa = PBXFileReference; fileEncoding = 4; lastKnownFileType = sourcecode.c.h; path = early_kalloc.h; sourceTree = "<group>"; };
		212D8846216E4DF600A36DA5 /* early_kalloc.c */ = {isa = PBXFileReference; fileEncoding = 4; lastKnownFileType = sourcecode.c.c; path = early_kalloc.c; sourceTree = "<group>"; };
		212D8848216E4EBE00A36DA5 /* async_wake.h */ = {isa = PBXFileReference; fileEncoding = 4; lastKnownFileType = sourcecode.c.h; path = async_wake.h; sourceTree = "<group>"; };
		212D8849216E4EBE00A36DA5 /* async_wake.c */ = {isa = PBXFileReference; fileEncoding = 4; lastKnownFileType = sourcecode.c.c; path = async_wake.c; sourceTree = "<group>"; };
		21395357217CBA1000B17F8D /* MobileGestalt.h */ = {isa = PBXFileReference; fileEncoding = 4; lastKnownFileType = sourcecode.c.h; path = MobileGestalt.h; sourceTree = "<group>"; };
		213E78242208654700FDF3B7 /* necp.h */ = {isa = PBXFileReference; lastKnownFileType = sourcecode.c.h; path = necp.h; sourceTree = "<group>"; };
		213E78252208654700FDF3B7 /* necp.c */ = {isa = PBXFileReference; lastKnownFileType = sourcecode.c.c; path = necp.c; sourceTree = "<group>"; };
		213E7827220865A100FDF3B7 /* voucher_swap-poc.c */ = {isa = PBXFileReference; fileEncoding = 4; lastKnownFileType = sourcecode.c.c; path = "voucher_swap-poc.c"; sourceTree = "<group>"; };
		213E7829220865BF00FDF3B7 /* voucher_swap-poc.h */ = {isa = PBXFileReference; lastKnownFileType = sourcecode.c.h; path = "voucher_swap-poc.h"; sourceTree = "<group>"; };
		214A1772224EBE5400588EC4 /* kerneldec.h */ = {isa = PBXFileReference; fileEncoding = 4; lastKnownFileType = sourcecode.c.h; name = kerneldec.h; path = kerneldec/kerneldec.h; sourceTree = SOURCE_ROOT; };
		214A1773224EBE5400588EC4 /* lzssdec.cpp */ = {isa = PBXFileReference; fileEncoding = 4; lastKnownFileType = sourcecode.cpp.cpp; name = lzssdec.cpp; path = kerneldec/lzssdec.cpp; sourceTree = SOURCE_ROOT; };
		214A1774224EBE5400588EC4 /* kerneldec.cpp */ = {isa = PBXFileReference; fileEncoding = 4; lastKnownFileType = sourcecode.cpp.cpp; name = kerneldec.cpp; path = kerneldec/kerneldec.cpp; sourceTree = SOURCE_ROOT; };
		214A1775224EBE5400588EC4 /* lzssdec.h */ = {isa = PBXFileReference; fileEncoding = 4; lastKnownFileType = sourcecode.c.h; name = lzssdec.h; path = kerneldec/lzssdec.h; sourceTree = SOURCE_ROOT; };
		2150A9CB22021330001C8677 /* voucher_swap.h */ = {isa = PBXFileReference; fileEncoding = 4; lastKnownFileType = sourcecode.c.h; path = voucher_swap.h; sourceTree = "<group>"; };
		2150A9CC22021330001C8677 /* voucher_swap.c */ = {isa = PBXFileReference; fileEncoding = 4; lastKnownFileType = sourcecode.c.c; path = voucher_swap.c; sourceTree = "<group>"; };
		2150A9CE22021347001C8677 /* log.c */ = {isa = PBXFileReference; fileEncoding = 4; lastKnownFileType = sourcecode.c.c; path = log.c; sourceTree = "<group>"; };
		2150A9CF22021347001C8677 /* platform_match.c */ = {isa = PBXFileReference; fileEncoding = 4; lastKnownFileType = sourcecode.c.c; path = platform_match.c; sourceTree = "<group>"; };
		2150A9D022021347001C8677 /* parameters.h */ = {isa = PBXFileReference; fileEncoding = 4; lastKnownFileType = sourcecode.c.h; path = parameters.h; sourceTree = "<group>"; };
		2150A9D122021347001C8677 /* kernel_alloc.h */ = {isa = PBXFileReference; fileEncoding = 4; lastKnownFileType = sourcecode.c.h; path = kernel_alloc.h; sourceTree = "<group>"; };
		2150A9D222021347001C8677 /* platform.h */ = {isa = PBXFileReference; fileEncoding = 4; lastKnownFileType = sourcecode.c.h; path = platform.h; sourceTree = "<group>"; };
		2150A9D322021347001C8677 /* kernel_slide.h */ = {isa = PBXFileReference; fileEncoding = 4; lastKnownFileType = sourcecode.c.h; path = kernel_slide.h; sourceTree = "<group>"; };
		2150A9D422021347001C8677 /* platform.c */ = {isa = PBXFileReference; fileEncoding = 4; lastKnownFileType = sourcecode.c.c; path = platform.c; sourceTree = "<group>"; };
		2150A9D522021347001C8677 /* log.h */ = {isa = PBXFileReference; fileEncoding = 4; lastKnownFileType = sourcecode.c.h; path = log.h; sourceTree = "<group>"; };
		2150A9D622021348001C8677 /* kernel_slide.c */ = {isa = PBXFileReference; fileEncoding = 4; lastKnownFileType = sourcecode.c.c; path = kernel_slide.c; sourceTree = "<group>"; };
		2150A9D722021348001C8677 /* platform_match.h */ = {isa = PBXFileReference; fileEncoding = 4; lastKnownFileType = sourcecode.c.h; path = platform_match.h; sourceTree = "<group>"; };
		2150A9D822021348001C8677 /* kernel_memory.h */ = {isa = PBXFileReference; fileEncoding = 4; lastKnownFileType = sourcecode.c.h; path = kernel_memory.h; sourceTree = "<group>"; };
		2150A9D922021348001C8677 /* parameters.c */ = {isa = PBXFileReference; fileEncoding = 4; lastKnownFileType = sourcecode.c.c; path = parameters.c; sourceTree = "<group>"; };
		2150A9DA22021348001C8677 /* kernel_alloc.c */ = {isa = PBXFileReference; fileEncoding = 4; lastKnownFileType = sourcecode.c.c; path = kernel_alloc.c; sourceTree = "<group>"; };
		2150A9DB22021348001C8677 /* kernel_memory.c */ = {isa = PBXFileReference; fileEncoding = 4; lastKnownFileType = sourcecode.c.c; path = kernel_memory.c; sourceTree = "<group>"; };
		2150A9E322021381001C8677 /* mach_vm.h */ = {isa = PBXFileReference; lastKnownFileType = sourcecode.c.h; path = mach_vm.h; sourceTree = "<group>"; };
		2150A9E422021381001C8677 /* ipc_port.h */ = {isa = PBXFileReference; lastKnownFileType = sourcecode.c.h; path = ipc_port.h; sourceTree = "<group>"; };
		2150A9E52202138A001C8677 /* IOKitLib.h */ = {isa = PBXFileReference; lastKnownFileType = sourcecode.c.h; path = IOKitLib.h; sourceTree = "<group>"; };
		2163BE1F22A1DB2400518DD9 /* sandbox.h */ = {isa = PBXFileReference; fileEncoding = 4; lastKnownFileType = sourcecode.c.h; path = sandbox.h; sourceTree = "<group>"; };
		2163BE2022A1DB4700518DD9 /* libsandbox.tbd */ = {isa = PBXFileReference; lastKnownFileType = "sourcecode.text-based-dylib-definition"; name = libsandbox.tbd; path = usr/lib/libsandbox.tbd; sourceTree = SDKROOT; };
		216F3F352228776D007DC1BC /* user_client.h */ = {isa = PBXFileReference; fileEncoding = 4; lastKnownFileType = sourcecode.c.h; path = user_client.h; sourceTree = "<group>"; };
		216F3F362228776D007DC1BC /* kernel_call.c */ = {isa = PBXFileReference; fileEncoding = 4; lastKnownFileType = sourcecode.c.c; path = kernel_call.c; sourceTree = "<group>"; };
		216F3F372228776D007DC1BC /* user_client.c */ = {isa = PBXFileReference; fileEncoding = 4; lastKnownFileType = sourcecode.c.c; path = user_client.c; sourceTree = "<group>"; };
		216F3F382228776D007DC1BC /* pac.h */ = {isa = PBXFileReference; fileEncoding = 4; lastKnownFileType = sourcecode.c.h; path = pac.h; sourceTree = "<group>"; };
		216F3F392228776D007DC1BC /* kernel_call.h */ = {isa = PBXFileReference; fileEncoding = 4; lastKnownFileType = sourcecode.c.h; path = kernel_call.h; sourceTree = "<group>"; };
		216F3F3A2228776D007DC1BC /* pac.c */ = {isa = PBXFileReference; fileEncoding = 4; lastKnownFileType = sourcecode.c.c; path = pac.c; sourceTree = "<group>"; };
		216F3F3B2228776D007DC1BC /* kc_parameters.h */ = {isa = PBXFileReference; fileEncoding = 4; lastKnownFileType = sourcecode.c.h; path = kc_parameters.h; sourceTree = "<group>"; };
		216F3F3C2228776E007DC1BC /* kc_parameters.c */ = {isa = PBXFileReference; fileEncoding = 4; lastKnownFileType = sourcecode.c.c; path = kc_parameters.c; sourceTree = "<group>"; };
		216FDA1D220C5F5C0086D802 /* libz.tbd */ = {isa = PBXFileReference; lastKnownFileType = "sourcecode.text-based-dylib-definition"; name = libz.tbd; path = usr/lib/libz.tbd; sourceTree = SDKROOT; };
		2171C4002222E3BB004E45C7 /* SystemConfiguration.framework */ = {isa = PBXFileReference; lastKnownFileType = wrapper.framework; name = SystemConfiguration.framework; path = System/Library/Frameworks/SystemConfiguration.framework; sourceTree = SDKROOT; };
		2199B8E7226B40C600A8255D /* kalloc_crash.h */ = {isa = PBXFileReference; lastKnownFileType = sourcecode.c.h; path = kalloc_crash.h; sourceTree = "<group>"; };
		2199B8E8226B40C600A8255D /* kalloc_crash.c */ = {isa = PBXFileReference; lastKnownFileType = sourcecode.c.c; path = kalloc_crash.c; sourceTree = "<group>"; };
		219BF90422832DBC00A4B827 /* UIProgressHUD.h */ = {isa = PBXFileReference; fileEncoding = 4; lastKnownFileType = sourcecode.c.h; path = UIProgressHUD.h; sourceTree = "<group>"; };
		219C909E228703DA00AFA38A /* jailbreak.h */ = {isa = PBXFileReference; lastKnownFileType = sourcecode.c.h; path = jailbreak.h; sourceTree = "<group>"; };
		219C909F228703DA00AFA38A /* jailbreak.m */ = {isa = PBXFileReference; lastKnownFileType = sourcecode.c.objc; path = jailbreak.m; sourceTree = "<group>"; };
		21A97FC42148103A00DC0023 /* KernelExecution.h */ = {isa = PBXFileReference; fileEncoding = 4; lastKnownFileType = sourcecode.c.h; path = KernelExecution.h; sourceTree = "<group>"; };
		21A97FC52148103B00DC0023 /* remote_call.h */ = {isa = PBXFileReference; fileEncoding = 4; lastKnownFileType = sourcecode.c.h; path = remote_call.h; sourceTree = "<group>"; };
		21A97FC62148103B00DC0023 /* remote_memory.c */ = {isa = PBXFileReference; fileEncoding = 4; lastKnownFileType = sourcecode.c.c; path = remote_memory.c; sourceTree = "<group>"; };
		21A97FC82148103B00DC0023 /* KernelExecution.m */ = {isa = PBXFileReference; fileEncoding = 4; lastKnownFileType = sourcecode.c.objc; path = KernelExecution.m; sourceTree = "<group>"; };
		21A97FC92148103B00DC0023 /* KernelUtilities.h */ = {isa = PBXFileReference; fileEncoding = 4; lastKnownFileType = sourcecode.c.h; path = KernelUtilities.h; sourceTree = "<group>"; };
		21A97FCC2148103B00DC0023 /* KernelUtilities.c */ = {isa = PBXFileReference; fileEncoding = 4; lastKnownFileType = sourcecode.c.c; path = KernelUtilities.c; sourceTree = "<group>"; };
		21A97FCD2148103B00DC0023 /* remote_call.c */ = {isa = PBXFileReference; fileEncoding = 4; lastKnownFileType = sourcecode.c.c; path = remote_call.c; sourceTree = "<group>"; };
		21A97FCE2148103C00DC0023 /* remote_memory.h */ = {isa = PBXFileReference; fileEncoding = 4; lastKnownFileType = sourcecode.c.h; path = remote_memory.h; sourceTree = "<group>"; };
		21B4218F2261302F004C17CD /* MobileCoreServices.framework */ = {isa = PBXFileReference; lastKnownFileType = wrapper.framework; name = MobileCoreServices.framework; path = System/Library/Frameworks/MobileCoreServices.framework; sourceTree = SDKROOT; };
		21BB9802222F05C40012AF40 /* machswap2_pwn.m */ = {isa = PBXFileReference; fileEncoding = 4; lastKnownFileType = sourcecode.c.objc; path = machswap2_pwn.m; sourceTree = "<group>"; };
		21BB9803222F05C40012AF40 /* machswap2_pwn.h */ = {isa = PBXFileReference; fileEncoding = 4; lastKnownFileType = sourcecode.c.h; path = machswap2_pwn.h; sourceTree = "<group>"; };
		21C0FC6721369EB700849420 /* Undecimus.app */ = {isa = PBXFileReference; explicitFileType = wrapper.application; includeInIndex = 0; path = Undecimus.app; sourceTree = BUILT_PRODUCTS_DIR; };
		21C0FC6A21369EB700849420 /* AppDelegate.h */ = {isa = PBXFileReference; lastKnownFileType = sourcecode.c.h; path = AppDelegate.h; sourceTree = "<group>"; };
		21C0FC6B21369EB700849420 /* AppDelegate.m */ = {isa = PBXFileReference; lastKnownFileType = sourcecode.c.objc; path = AppDelegate.m; sourceTree = "<group>"; };
		21C0FC6D21369EB700849420 /* JailbreakViewController.h */ = {isa = PBXFileReference; lastKnownFileType = sourcecode.c.h; path = JailbreakViewController.h; sourceTree = "<group>"; };
		21C0FC6E21369EB700849420 /* JailbreakViewController.m */ = {isa = PBXFileReference; lastKnownFileType = sourcecode.c.objc; path = JailbreakViewController.m; sourceTree = "<group>"; wrapsLines = 0; };
		21C0FC7321369EB800849420 /* Assets.xcassets */ = {isa = PBXFileReference; lastKnownFileType = folder.assetcatalog; path = Assets.xcassets; sourceTree = "<group>"; };
		21C0FC7621369EB800849420 /* Base */ = {isa = PBXFileReference; lastKnownFileType = file.storyboard; name = Base; path = Base.lproj/LaunchScreen.storyboard; sourceTree = "<group>"; };
		21C0FC7821369EB800849420 /* Info.plist */ = {isa = PBXFileReference; lastKnownFileType = text.plist.xml; path = Info.plist; sourceTree = "<group>"; };
		21C0FC7921369EB800849420 /* main.m */ = {isa = PBXFileReference; lastKnownFileType = sourcecode.c.objc; path = main.m; sourceTree = "<group>"; };
		21C0FC8021369EE900849420 /* KernelMemory.c */ = {isa = PBXFileReference; fileEncoding = 4; lastKnownFileType = sourcecode.c.c; path = KernelMemory.c; sourceTree = "<group>"; };
		21C0FC8121369EE900849420 /* empty_list_sploit.h */ = {isa = PBXFileReference; fileEncoding = 4; lastKnownFileType = sourcecode.c.h; path = empty_list_sploit.h; sourceTree = "<group>"; };
		21C0FC8221369EE900849420 /* KernelOffsets.h */ = {isa = PBXFileReference; fileEncoding = 4; lastKnownFileType = sourcecode.c.h; path = KernelOffsets.h; sourceTree = "<group>"; };
		21C0FC8321369EE900849420 /* KernelMemory.h */ = {isa = PBXFileReference; fileEncoding = 4; lastKnownFileType = sourcecode.c.h; path = KernelMemory.h; sourceTree = "<group>"; };
		21C0FC8521369EE900849420 /* empty_list_sploit.c */ = {isa = PBXFileReference; fileEncoding = 4; lastKnownFileType = sourcecode.c.c; path = empty_list_sploit.c; sourceTree = "<group>"; };
		21C0FC8621369EE900849420 /* KernelOffsets.m */ = {isa = PBXFileReference; fileEncoding = 4; lastKnownFileType = sourcecode.c.objc; path = KernelOffsets.m; sourceTree = "<group>"; };
		21C0FC8B21369FC500849420 /* common.h */ = {isa = PBXFileReference; lastKnownFileType = sourcecode.c.h; path = common.h; sourceTree = "<group>"; };
		21C0FC8F2136A2C500849420 /* iokit.h */ = {isa = PBXFileReference; lastKnownFileType = sourcecode.c.h; path = iokit.h; sourceTree = "<group>"; };
		21C0FC902136A46500849420 /* SpringBoardServices.framework */ = {isa = PBXFileReference; lastKnownFileType = wrapper.framework; path = SpringBoardServices.framework; sourceTree = "<group>"; };
		21C130DE214BC2880021AA9D /* unlocknvram.c */ = {isa = PBXFileReference; fileEncoding = 4; lastKnownFileType = sourcecode.c.c; path = unlocknvram.c; sourceTree = "<group>"; };
		21C130DF214BC2880021AA9D /* unlocknvram.h */ = {isa = PBXFileReference; fileEncoding = 4; lastKnownFileType = sourcecode.c.h; path = unlocknvram.h; sourceTree = "<group>"; };
		21C130E4214BDDE20021AA9D /* SettingsTableViewController.h */ = {isa = PBXFileReference; lastKnownFileType = sourcecode.c.h; path = SettingsTableViewController.h; sourceTree = "<group>"; };
		21C130E5214BDDE20021AA9D /* SettingsTableViewController.m */ = {isa = PBXFileReference; lastKnownFileType = sourcecode.c.objc; path = SettingsTableViewController.m; sourceTree = "<group>"; };
		21C130E9214C03690021AA9D /* CreditsTableViewController.h */ = {isa = PBXFileReference; lastKnownFileType = sourcecode.c.h; path = CreditsTableViewController.h; sourceTree = "<group>"; };
		21C130EA214C03690021AA9D /* CreditsTableViewController.m */ = {isa = PBXFileReference; lastKnownFileType = sourcecode.c.objc; path = CreditsTableViewController.m; sourceTree = "<group>"; };
		21C13117214D268F0021AA9D /* multi_path_sploit.c */ = {isa = PBXFileReference; fileEncoding = 4; lastKnownFileType = sourcecode.c.c; path = multi_path_sploit.c; sourceTree = "<group>"; };
		21C13118214D268F0021AA9D /* multi_path_sploit.h */ = {isa = PBXFileReference; fileEncoding = 4; lastKnownFileType = sourcecode.c.h; path = multi_path_sploit.h; sourceTree = "<group>"; };
		21CC3901227CDFDE0072D572 /* prefs.h */ = {isa = PBXFileReference; fileEncoding = 4; lastKnownFileType = sourcecode.c.h; path = prefs.h; sourceTree = "<group>"; };
		21CC3902227CDFDE0072D572 /* prefs.m */ = {isa = PBXFileReference; fileEncoding = 4; lastKnownFileType = sourcecode.c.objc; path = prefs.m; sourceTree = "<group>"; };
		21CC3903227CDFDE0072D572 /* diagnostics.m */ = {isa = PBXFileReference; fileEncoding = 4; lastKnownFileType = sourcecode.c.objc; path = diagnostics.m; sourceTree = "<group>"; };
		21CC3904227CDFDE0072D572 /* diagnostics.h */ = {isa = PBXFileReference; fileEncoding = 4; lastKnownFileType = sourcecode.c.h; path = diagnostics.h; sourceTree = "<group>"; };
		21E9642421A1DD6F000625F7 /* NSTask.h */ = {isa = PBXFileReference; lastKnownFileType = sourcecode.c.h; path = NSTask.h; sourceTree = "<group>"; };
		21F4D70C21FC7A590070D5E0 /* patchfinder64.c */ = {isa = PBXFileReference; fileEncoding = 4; lastKnownFileType = sourcecode.c.c; name = patchfinder64.c; path = patchfinder64/patchfinder64.c; sourceTree = SOURCE_ROOT; };
		21F4D70D21FC7A590070D5E0 /* patchfinder64.h */ = {isa = PBXFileReference; fileEncoding = 4; lastKnownFileType = sourcecode.c.h; name = patchfinder64.h; path = patchfinder64/patchfinder64.h; sourceTree = SOURCE_ROOT; };
		21FED6A42168DB460024BC95 /* Painting_With_Chocolate.ttf */ = {isa = PBXFileReference; lastKnownFileType = file; path = Painting_With_Chocolate.ttf; sourceTree = "<group>"; };
		21FF63C9224E5FDC008B76D9 /* offsetcache.c */ = {isa = PBXFileReference; fileEncoding = 4; lastKnownFileType = sourcecode.c.c; name = offsetcache.c; path = "offset-cache/offsetcache.c"; sourceTree = SOURCE_ROOT; };
		21FF63CA224E5FDC008B76D9 /* offsetcache.h */ = {isa = PBXFileReference; fileEncoding = 4; lastKnownFileType = sourcecode.c.h; name = offsetcache.h; path = "offset-cache/offsetcache.h"; sourceTree = SOURCE_ROOT; };
		21FFE0F4222E4C0600EC59B2 /* machswap_pwn.h */ = {isa = PBXFileReference; fileEncoding = 4; lastKnownFileType = sourcecode.c.h; path = machswap_pwn.h; sourceTree = "<group>"; };
		21FFE0F5222E4C0600EC59B2 /* machswap_offsets.h */ = {isa = PBXFileReference; fileEncoding = 4; lastKnownFileType = sourcecode.c.h; path = machswap_offsets.h; sourceTree = "<group>"; };
		21FFE0F6222E4C0600EC59B2 /* machswap_offsets.m */ = {isa = PBXFileReference; fileEncoding = 4; lastKnownFileType = sourcecode.c.objc; path = machswap_offsets.m; sourceTree = "<group>"; };
		21FFE0F7222E4C0600EC59B2 /* machswap_pwn.m */ = {isa = PBXFileReference; fileEncoding = 4; lastKnownFileType = sourcecode.c.objc; path = machswap_pwn.m; sourceTree = "<group>"; };
		222AD59221FA731800DCBA2A /* FakeApt.m */ = {isa = PBXFileReference; lastKnownFileType = sourcecode.c.objc; path = FakeApt.m; sourceTree = "<group>"; };
		222AD59421FA732A00DCBA2A /* FakeApt.h */ = {isa = PBXFileReference; lastKnownFileType = sourcecode.c.h; path = FakeApt.h; sourceTree = "<group>"; };
		225D142121E052960045493D /* ArchiveFile.m */ = {isa = PBXFileReference; lastKnownFileType = sourcecode.c.objc; path = ArchiveFile.m; sourceTree = "<group>"; };
		225D142321E055E90045493D /* ArchiveFile.h */ = {isa = PBXFileReference; lastKnownFileType = sourcecode.c.h; path = ArchiveFile.h; sourceTree = "<group>"; };
		226689DA21EC145000262F66 /* archive.h */ = {isa = PBXFileReference; fileEncoding = 4; lastKnownFileType = sourcecode.c.h; path = archive.h; sourceTree = "<group>"; };
		226689DB21EC145000262F66 /* libproc.h */ = {isa = PBXFileReference; fileEncoding = 4; lastKnownFileType = sourcecode.c.h; path = libproc.h; sourceTree = "<group>"; };
		226689DC21EC1C5A00262F66 /* libarchive.2.tbd */ = {isa = PBXFileReference; lastKnownFileType = "sourcecode.text-based-dylib-definition"; name = libarchive.2.tbd; path = usr/lib/libarchive.2.tbd; sourceTree = SDKROOT; };
		22C546AA21A8A8FD00EFC09C /* utils.m */ = {isa = PBXFileReference; lastKnownFileType = sourcecode.c.objc; path = utils.m; sourceTree = "<group>"; wrapsLines = 1; };
		22C546AC21A8A91A00EFC09C /* utils.h */ = {isa = PBXFileReference; lastKnownFileType = sourcecode.c.h; path = utils.h; sourceTree = "<group>"; };
		22CFED9121CDFE6B00A216BE /* libmis.tbd */ = {isa = PBXFileReference; lastKnownFileType = "sourcecode.text-based-dylib-definition"; name = libmis.tbd; path = usr/lib/libmis.tbd; sourceTree = SDKROOT; };
		22F91CD921E02CF200B2FCAE /* inject.m */ = {isa = PBXFileReference; fileEncoding = 4; lastKnownFileType = sourcecode.c.objc; name = inject.m; path = Injector/inject.m; sourceTree = SOURCE_ROOT; };
		22F91CDA21E02CF300B2FCAE /* inject.h */ = {isa = PBXFileReference; fileEncoding = 4; lastKnownFileType = sourcecode.c.h; name = inject.h; path = Injector/inject.h; sourceTree = SOURCE_ROOT; };
		22F91CDE21E02EB000B2FCAE /* snappy.h */ = {isa = PBXFileReference; fileEncoding = 4; lastKnownFileType = sourcecode.c.h; name = snappy.h; path = snappy/snappy.h; sourceTree = SOURCE_ROOT; };
		22F91CE221E033A500B2FCAE /* libsnappy.c */ = {isa = PBXFileReference; fileEncoding = 4; lastKnownFileType = sourcecode.c.c; name = libsnappy.c; path = snappy/libsnappy.c; sourceTree = SOURCE_ROOT; };
		51435080229E2F0C00446FBA /* Settings-Light.png */ = {isa = PBXFileReference; lastKnownFileType = image.png; path = "Settings-Light.png"; sourceTree = "<group>"; };
		51F1DB22229ED54300B81A6F /* DarkMode-Dark.png */ = {isa = PBXFileReference; lastKnownFileType = image.png; path = "DarkMode-Dark.png"; sourceTree = "<group>"; };
		51F1DB23229ED54400B81A6F /* Settings-Dark.png */ = {isa = PBXFileReference; lastKnownFileType = image.png; path = "Settings-Dark.png"; sourceTree = "<group>"; };
		51F1DB26229F2AD200B81A6F /* RobotoMono-Regular.ttf */ = {isa = PBXFileReference; lastKnownFileType = file; path = "RobotoMono-Regular.ttf"; sourceTree = "<group>"; };
		51F1DB27229F2BC700B81A6F /* RobotoMono-Bold.ttf */ = {isa = PBXFileReference; lastKnownFileType = file; path = "RobotoMono-Bold.ttf"; sourceTree = "<group>"; };
		51F1DB28229F31C400B81A6F /* DarkMode-Light.png */ = {isa = PBXFileReference; lastKnownFileType = image.png; path = "DarkMode-Light.png"; sourceTree = "<group>"; };
		51F1DB29229F31D300B81A6F /* DarkMode-Light.png */ = {isa = PBXFileReference; lastKnownFileType = image.png; name = "DarkMode-Light.png"; path = "../../../../DarkMode-Light.png"; sourceTree = "<group>"; };
		51F1DB2A229F325700B81A6F /* multi_path.entitlements */ = {isa = PBXFileReference; lastKnownFileType = text.plist.entitlements; path = multi_path.entitlements; sourceTree = "<group>"; };
		8D592A67218E47F60035D2BC /* Main.storyboard */ = {isa = PBXFileReference; fileEncoding = 4; lastKnownFileType = file.storyboard; path = Main.storyboard; sourceTree = "<group>"; };
/* End PBXFileReference section */

/* Begin PBXFrameworksBuildPhase section */
		21C0FC6421369EB700849420 /* Frameworks */ = {
			isa = PBXFrameworksBuildPhase;
			buildActionMask = 2147483647;
			files = (
				2163BE2122A1DB4700518DD9 /* libsandbox.tbd in Frameworks */,
				21B421902261302F004C17CD /* MobileCoreServices.framework in Frameworks */,
				2171C4012222E3BB004E45C7 /* SystemConfiguration.framework in Frameworks */,
				216FDA1E220C5F5C0086D802 /* libz.tbd in Frameworks */,
				226689DD21EC1C5A00262F66 /* libarchive.2.tbd in Frameworks */,
				22CFED9221CDFE6B00A216BE /* libmis.tbd in Frameworks */,
				2170BDCD21B332FC0059BD10 /* SpringBoardServices.framework in Frameworks */,
				2170BD3B21B193800059BD10 /* libMobileGestalt.tbd in Frameworks */,
			);
			runOnlyForDeploymentPostprocessing = 0;
		};
/* End PBXFrameworksBuildPhase section */

/* Begin PBXGroup section */
		211C372621CE2DD800ADBEA2 /* net */ = {
			isa = PBXGroup;
			children = (
				211C372721CE2DD800ADBEA2 /* route.h */,
			);
			path = net;
			sourceTree = "<group>";
		};
		211C372821CE2DD800ADBEA2 /* sys */ = {
			isa = PBXGroup;
			children = (
				211C372921CE2DD800ADBEA2 /* proc_info.h */,
				211C372A21CE2DD800ADBEA2 /* kern_control.h */,
			);
			path = sys;
			sourceTree = "<group>";
		};
		213E78222208652B00FDF3B7 /* necp */ = {
			isa = PBXGroup;
			children = (
				213E78242208654700FDF3B7 /* necp.h */,
				213E78252208654700FDF3B7 /* necp.c */,
			);
			name = necp;
			sourceTree = "<group>";
		};
		214A1771224EBE4900588EC4 /* kerneldec */ = {
			isa = PBXGroup;
			children = (
				214A1774224EBE5400588EC4 /* kerneldec.cpp */,
				214A1772224EBE5400588EC4 /* kerneldec.h */,
				214A1773224EBE5400588EC4 /* lzssdec.cpp */,
				214A1775224EBE5400588EC4 /* lzssdec.h */,
			);
			name = kerneldec;
			sourceTree = "<group>";
		};
		2150A9C6220212A6001C8677 /* empty_list */ = {
			isa = PBXGroup;
			children = (
				21C0FC8521369EE900849420 /* empty_list_sploit.c */,
				21C0FC8121369EE900849420 /* empty_list_sploit.h */,
			);
			name = empty_list;
			sourceTree = "<group>";
		};
		2150A9C7220212BC001C8677 /* multi_path */ = {
			isa = PBXGroup;
			children = (
				21C13117214D268F0021AA9D /* multi_path_sploit.c */,
				21C13118214D268F0021AA9D /* multi_path_sploit.h */,
			);
			name = multi_path;
			sourceTree = "<group>";
		};
		2150A9C8220212D1001C8677 /* async_wake */ = {
			isa = PBXGroup;
			children = (
				212D8849216E4EBE00A36DA5 /* async_wake.c */,
				212D8848216E4EBE00A36DA5 /* async_wake.h */,
				212D8846216E4DF600A36DA5 /* early_kalloc.c */,
				212D8845216E4DF600A36DA5 /* early_kalloc.h */,
				212D8842216E4C4700A36DA5 /* find_port.c */,
				212D8843216E4C4700A36DA5 /* find_port.h */,
			);
			name = async_wake;
			sourceTree = "<group>";
		};
		2150A9C9220212E6001C8677 /* deja_xnu */ = {
			isa = PBXGroup;
			children = (
				2101395421A09BB700F9C5F2 /* hideventsystem.h */,
				2101395321A09BB700F9C5F2 /* hideventsystem.c */,
			);
			name = deja_xnu;
			sourceTree = "<group>";
		};
		2150A9CA220212F8001C8677 /* voucher_swap */ = {
			isa = PBXGroup;
			children = (
				2150A9DA22021348001C8677 /* kernel_alloc.c */,
				2150A9D122021347001C8677 /* kernel_alloc.h */,
				2150A9DB22021348001C8677 /* kernel_memory.c */,
				2150A9D822021348001C8677 /* kernel_memory.h */,
				2150A9D622021348001C8677 /* kernel_slide.c */,
				2150A9D322021347001C8677 /* kernel_slide.h */,
				2150A9CE22021347001C8677 /* log.c */,
				2150A9D522021347001C8677 /* log.h */,
				2150A9D922021348001C8677 /* parameters.c */,
				2150A9D022021347001C8677 /* parameters.h */,
				2150A9CF22021347001C8677 /* platform_match.c */,
				2150A9D722021348001C8677 /* platform_match.h */,
				2150A9D422021347001C8677 /* platform.c */,
				2150A9D222021347001C8677 /* platform.h */,
				2150A9CC22021330001C8677 /* voucher_swap.c */,
				2150A9CB22021330001C8677 /* voucher_swap.h */,
				213E7827220865A100FDF3B7 /* voucher_swap-poc.c */,
				213E7829220865BF00FDF3B7 /* voucher_swap-poc.h */,
			);
			name = voucher_swap;
			sourceTree = "<group>";
		};
		21675B62214A68B700D20E2B /* Frameworks */ = {
			isa = PBXGroup;
			children = (
				2163BE2022A1DB4700518DD9 /* libsandbox.tbd */,
				21B4218F2261302F004C17CD /* MobileCoreServices.framework */,
				2171C4002222E3BB004E45C7 /* SystemConfiguration.framework */,
				216FDA1D220C5F5C0086D802 /* libz.tbd */,
				226689DC21EC1C5A00262F66 /* libarchive.2.tbd */,
				22CFED9121CDFE6B00A216BE /* libmis.tbd */,
				211D0D84218DEF3E008745D8 /* libMobileGestalt.tbd */,
			);
			name = Frameworks;
			sourceTree = "<group>";
		};
		216F3F342228774D007DC1BC /* kernel_call */ = {
			isa = PBXGroup;
			children = (
				216F3F3C2228776E007DC1BC /* kc_parameters.c */,
				216F3F3B2228776D007DC1BC /* kc_parameters.h */,
				216F3F362228776D007DC1BC /* kernel_call.c */,
				216F3F392228776D007DC1BC /* kernel_call.h */,
				216F3F3A2228776D007DC1BC /* pac.c */,
				216F3F382228776D007DC1BC /* pac.h */,
				216F3F372228776D007DC1BC /* user_client.c */,
				216F3F352228776D007DC1BC /* user_client.h */,
			);
			name = kernel_call;
			sourceTree = "<group>";
		};
		2170BD3421B192750059BD10 /* include */ = {
			isa = PBXGroup;
			children = (
				2163BE1F22A1DB2400518DD9 /* sandbox.h */,
				219BF90422832DBC00A4B827 /* UIProgressHUD.h */,
				2150A9E322021381001C8677 /* mach_vm.h */,
				2150A9E422021381001C8677 /* ipc_port.h */,
				2150A9E52202138A001C8677 /* IOKitLib.h */,
				226689DA21EC145000262F66 /* archive.h */,
				226689DB21EC145000262F66 /* libproc.h */,
				211C372621CE2DD800ADBEA2 /* net */,
				211C372521CE2DD700ADBEA2 /* reboot.h */,
				211C372821CE2DD800ADBEA2 /* sys */,
				21C0FC8B21369FC500849420 /* common.h */,
				21C0FC8F2136A2C500849420 /* iokit.h */,
				21E9642421A1DD6F000625F7 /* NSTask.h */,
				21395357217CBA1000B17F8D /* MobileGestalt.h */,
			);
			path = include;
			sourceTree = "<group>";
		};
		2170BD3621B192B90059BD10 /* resources */ = {
			isa = PBXGroup;
			children = (
				21FED6A42168DB460024BC95 /* Painting_With_Chocolate.ttf */,
				51F1DB26229F2AD200B81A6F /* RobotoMono-Regular.ttf */,
				51F1DB27229F2BC700B81A6F /* RobotoMono-Bold.ttf */,
				51F1DB28229F31C400B81A6F /* DarkMode-Light.png */,
				51F1DB22229ED54300B81A6F /* DarkMode-Dark.png */,
				51F1DB23229ED54400B81A6F /* Settings-Dark.png */,
				51435080229E2F0C00446FBA /* Settings-Light.png */,
				51F1DB29229F31D300B81A6F /* DarkMode-Light.png */,
			);
			path = resources;
			sourceTree = "<group>";
		};
		2170BDCB21B32FF10059BD10 /* source */ = {
			isa = PBXGroup;
			children = (
				2199B8E6226B40BD00A8255D /* kalloc_crash */,
				214A1771224EBE4900588EC4 /* kerneldec */,
				21FF63C8224E5FCE008B76D9 /* offset-cache */,
				21FFE0F3222E4B1600EC59B2 /* machswap */,
				216F3F342228774D007DC1BC /* kernel_call */,
				213E78222208652B00FDF3B7 /* necp */,
				2150A9CA220212F8001C8677 /* voucher_swap */,
				2150A9C9220212E6001C8677 /* deja_xnu */,
				2150A9C8220212D1001C8677 /* async_wake */,
				2150A9C7220212BC001C8677 /* multi_path */,
				2150A9C6220212A6001C8677 /* empty_list */,
				21F4D70B21FC7A490070D5E0 /* patchfinder64 */,
				22F91CDC21E02D0B00B2FCAE /* snappy */,
				22F91CD821E02CC700B2FCAE /* injector */,
				21C0FC6A21369EB700849420 /* AppDelegate.h */,
				21C0FC6B21369EB700849420 /* AppDelegate.m */,
				225D142321E055E90045493D /* ArchiveFile.h */,
				225D142121E052960045493D /* ArchiveFile.m */,
				21A97FC42148103A00DC0023 /* KernelExecution.h */,
				21A97FC82148103B00DC0023 /* KernelExecution.m */,
				21C0FC8021369EE900849420 /* KernelMemory.c */,
				21C0FC8321369EE900849420 /* KernelMemory.h */,
				21C0FC8221369EE900849420 /* KernelOffsets.h */,
				21C0FC8621369EE900849420 /* KernelOffsets.m */,
				21A97FC92148103B00DC0023 /* KernelUtilities.h */,
				21A97FCC2148103B00DC0023 /* KernelUtilities.c */,
				21C0FC7921369EB800849420 /* main.m */,
				21A97FC52148103B00DC0023 /* remote_call.h */,
				21A97FCD2148103B00DC0023 /* remote_call.c */,
				21A97FC62148103B00DC0023 /* remote_memory.c */,
				21A97FCE2148103C00DC0023 /* remote_memory.h */,
				21C0FC6D21369EB700849420 /* JailbreakViewController.h */,
				21C0FC6E21369EB700849420 /* JailbreakViewController.m */,
				21C130E4214BDDE20021AA9D /* SettingsTableViewController.h */,
				21C130E5214BDDE20021AA9D /* SettingsTableViewController.m */,
				21C130E9214C03690021AA9D /* CreditsTableViewController.h */,
				21C130EA214C03690021AA9D /* CreditsTableViewController.m */,
				21C130DE214BC2880021AA9D /* unlocknvram.c */,
				21C130DF214BC2880021AA9D /* unlocknvram.h */,
				22C546AC21A8A91A00EFC09C /* utils.h */,
				22C546AA21A8A8FD00EFC09C /* utils.m */,
				222AD59421FA732A00DCBA2A /* FakeApt.h */,
				222AD59221FA731800DCBA2A /* FakeApt.m */,
				21CC3901227CDFDE0072D572 /* prefs.h */,
				21CC3902227CDFDE0072D572 /* prefs.m */,
				21CC3904227CDFDE0072D572 /* diagnostics.h */,
				21CC3903227CDFDE0072D572 /* diagnostics.m */,
				219C909E228703DA00AFA38A /* jailbreak.h */,
				219C909F228703DA00AFA38A /* jailbreak.m */,
			);
			path = source;
			sourceTree = "<group>";
		};
		2170BDCC21B330210059BD10 /* frameworks */ = {
			isa = PBXGroup;
			children = (
				21C0FC902136A46500849420 /* SpringBoardServices.framework */,
			);
			path = frameworks;
			sourceTree = "<group>";
		};
		2199B8E6226B40BD00A8255D /* kalloc_crash */ = {
			isa = PBXGroup;
			children = (
				2199B8E7226B40C600A8255D /* kalloc_crash.h */,
				2199B8E8226B40C600A8255D /* kalloc_crash.c */,
			);
			name = kalloc_crash;
			sourceTree = "<group>";
		};
		21C0FC5E21369EB700849420 = {
			isa = PBXGroup;
			children = (
				21C0FC6921369EB700849420 /* Undecimus */,
				21C0FC6821369EB700849420 /* Products */,
				21675B62214A68B700D20E2B /* Frameworks */,
			);
			sourceTree = "<group>";
			wrapsLines = 0;
		};
		21C0FC6821369EB700849420 /* Products */ = {
			isa = PBXGroup;
			children = (
				21C0FC6721369EB700849420 /* Undecimus.app */,
			);
			name = Products;
			sourceTree = "<group>";
		};
		21C0FC6921369EB700849420 /* Undecimus */ = {
			isa = PBXGroup;
			children = (
				2170BDCC21B330210059BD10 /* frameworks */,
				2170BDCB21B32FF10059BD10 /* source */,
				2170BD3621B192B90059BD10 /* resources */,
				2170BD3421B192750059BD10 /* include */,
				8D592A67218E47F60035D2BC /* Main.storyboard */,
				51F1DB2A229F325700B81A6F /* multi_path.entitlements */,
				21C0FC7321369EB800849420 /* Assets.xcassets */,
				21C0FC7521369EB800849420 /* LaunchScreen.storyboard */,
				21C0FC7821369EB800849420 /* Info.plist */,
			);
			path = Undecimus;
			sourceTree = "<group>";
		};
		21F4D70B21FC7A490070D5E0 /* patchfinder64 */ = {
			isa = PBXGroup;
			children = (
				21F4D70C21FC7A590070D5E0 /* patchfinder64.c */,
				21F4D70D21FC7A590070D5E0 /* patchfinder64.h */,
			);
			name = patchfinder64;
			sourceTree = "<group>";
		};
		21FF63C8224E5FCE008B76D9 /* offset-cache */ = {
			isa = PBXGroup;
			children = (
				21FF63C9224E5FDC008B76D9 /* offsetcache.c */,
				21FF63CA224E5FDC008B76D9 /* offsetcache.h */,
			);
			name = "offset-cache";
			sourceTree = "<group>";
		};
		21FFE0F3222E4B1600EC59B2 /* machswap */ = {
			isa = PBXGroup;
			children = (
				21FFE0F5222E4C0600EC59B2 /* machswap_offsets.h */,
				21FFE0F6222E4C0600EC59B2 /* machswap_offsets.m */,
				21FFE0F4222E4C0600EC59B2 /* machswap_pwn.h */,
				21FFE0F7222E4C0600EC59B2 /* machswap_pwn.m */,
				21BB9803222F05C40012AF40 /* machswap2_pwn.h */,
				21BB9802222F05C40012AF40 /* machswap2_pwn.m */,
			);
			name = machswap;
			sourceTree = "<group>";
		};
		22F91CD821E02CC700B2FCAE /* injector */ = {
			isa = PBXGroup;
			children = (
				22F91CDA21E02CF300B2FCAE /* inject.h */,
				22F91CD921E02CF200B2FCAE /* inject.m */,
			);
			name = injector;
			sourceTree = "<group>";
		};
		22F91CDC21E02D0B00B2FCAE /* snappy */ = {
			isa = PBXGroup;
			children = (
				22F91CE221E033A500B2FCAE /* libsnappy.c */,
				22F91CDE21E02EB000B2FCAE /* snappy.h */,
			);
			name = snappy;
			sourceTree = "<group>";
		};
/* End PBXGroup section */

/* Begin PBXNativeTarget section */
		21C0FC6621369EB700849420 /* Undecimus */ = {
			isa = PBXNativeTarget;
			buildConfigurationList = 21C0FC7D21369EB800849420 /* Build configuration list for PBXNativeTarget "Undecimus" */;
			buildPhases = (
				21C0FC6321369EB700849420 /* Sources */,
				21C0FC6521369EB700849420 /* Resources */,
				21C0FC6421369EB700849420 /* Frameworks */,
				22C546CD21A8E5B800EFC09C /* ShellScript */,
			);
			buildRules = (
			);
			dependencies = (
			);
			name = Undecimus;
			productName = Rollectra;
			productReference = 21C0FC6721369EB700849420 /* Undecimus.app */;
			productType = "com.apple.product-type.application";
		};
/* End PBXNativeTarget section */

/* Begin PBXProject section */
		21C0FC5F21369EB700849420 /* Project object */ = {
			isa = PBXProject;
			attributes = {
				LastUpgradeCheck = 1010;
				ORGANIZATIONNAME = Pwn20wnd;
				TargetAttributes = {
					21C0FC6621369EB700849420 = {
						CreatedOnToolsVersion = 9.4.1;
						ProvisioningStyle = Manual;
					};
				};
			};
			buildConfigurationList = 21C0FC6221369EB700849420 /* Build configuration list for PBXProject "Undecimus" */;
			compatibilityVersion = "Xcode 8.0";
			developmentRegion = en;
			hasScannedForEncodings = 0;
			knownRegions = (
				en,
				Base,
			);
			mainGroup = 21C0FC5E21369EB700849420;
			productRefGroup = 21C0FC6821369EB700849420 /* Products */;
			projectDirPath = "";
			projectRoot = "";
			targets = (
				21C0FC6621369EB700849420 /* Undecimus */,
			);
		};
/* End PBXProject section */

/* Begin PBXResourcesBuildPhase section */
		21C0FC6521369EB700849420 /* Resources */ = {
			isa = PBXResourcesBuildPhase;
			buildActionMask = 2147483647;
			files = (
				51F1DB25229ED54400B81A6F /* Settings-Dark.png in Resources */,
				51435081229E2F0C00446FBA /* Settings-Light.png in Resources */,
				21C0FC7721369EB800849420 /* LaunchScreen.storyboard in Resources */,
				51F1DB24229ED54400B81A6F /* DarkMode-Dark.png in Resources */,
				8D592A68218E47F60035D2BC /* Main.storyboard in Resources */,
				21C0FC7421369EB800849420 /* Assets.xcassets in Resources */,
			);
			runOnlyForDeploymentPostprocessing = 0;
		};
/* End PBXResourcesBuildPhase section */

/* Begin PBXShellScriptBuildPhase section */
		22C546CD21A8E5B800EFC09C /* ShellScript */ = {
			isa = PBXShellScriptBuildPhase;
			buildActionMask = 2147483647;
			files = (
			);
			inputPaths = (
				"${TARGET_BUILD_DIR}/${INFOPLIST_PATH}",
			);
			outputPaths = (
			);
			runOnlyForDeploymentPostprocessing = 0;
			shellPath = /bin/sh;
			shellScript = "\"${SOURCE_ROOT}/post.sh\"\n";
		};
/* End PBXShellScriptBuildPhase section */

/* Begin PBXSourcesBuildPhase section */
		21C0FC6321369EB700849420 /* Sources */ = {
			isa = PBXSourcesBuildPhase;
			buildActionMask = 2147483647;
			files = (
				21FED6AB2168F8060024BC95 /* SettingsTableViewController.m in Sources */,
				216F3F3E2228776E007DC1BC /* user_client.c in Sources */,
				2150A9E022021348001C8677 /* parameters.c in Sources */,
				21A97FD12148103C00DC0023 /* KernelExecution.m in Sources */,
				2150A9E122021348001C8677 /* kernel_alloc.c in Sources */,
				2150A9DD22021348001C8677 /* platform_match.c in Sources */,
				212D8844216E4C4800A36DA5 /* find_port.c in Sources */,
				213E78262208654700FDF3B7 /* necp.c in Sources */,
				22C546AB21A8A8FD00EFC09C /* utils.m in Sources */,
				2150A9DC22021348001C8677 /* log.c in Sources */,
				216F3F3D2228776E007DC1BC /* kernel_call.c in Sources */,
				22F91CE321E033A500B2FCAE /* libsnappy.c in Sources */,
				21A97FD42148103C00DC0023 /* remote_call.c in Sources */,
				21C130E0214BC2880021AA9D /* unlocknvram.c in Sources */,
				21C13119214D268F0021AA9D /* multi_path_sploit.c in Sources */,
				214A1777224EBE5400588EC4 /* kerneldec.cpp in Sources */,
				2116449A21737F9500250744 /* JailbreakViewController.m in Sources */,
				21F4D70E21FC7A590070D5E0 /* patchfinder64.c in Sources */,
				2150A9DE22021348001C8677 /* platform.c in Sources */,
				213E7828220865A100FDF3B7 /* voucher_swap-poc.c in Sources */,
				22F91CDB21E02CF300B2FCAE /* inject.m in Sources */,
				2199B8E9226B40C600A8255D /* kalloc_crash.c in Sources */,
				21C1312F214E69F80021AA9D /* empty_list_sploit.c in Sources */,
				21C0FC8721369EE900849420 /* KernelMemory.c in Sources */,
				21CC3906227CDFDE0072D572 /* diagnostics.m in Sources */,
				21C0FC7A21369EB800849420 /* main.m in Sources */,
				212D8847216E4DF600A36DA5 /* early_kalloc.c in Sources */,
				21CC3905227CDFDE0072D572 /* prefs.m in Sources */,
				21A97FD02148103C00DC0023 /* remote_memory.c in Sources */,
				222AD59321FA731800DCBA2A /* FakeApt.m in Sources */,
				21FF63CB224E5FDC008B76D9 /* offsetcache.c in Sources */,
				216F3F3F2228776E007DC1BC /* pac.c in Sources */,
				21A97FD32148103C00DC0023 /* KernelUtilities.c in Sources */,
				219C90A0228703DA00AFA38A /* jailbreak.m in Sources */,
				21C0FC8A21369EE900849420 /* KernelOffsets.m in Sources */,
				21FFE0F9222E4C0600EC59B2 /* machswap_pwn.m in Sources */,
				21FFE0F8222E4C0600EC59B2 /* machswap_offsets.m in Sources */,
				212D884A216E4EBF00A36DA5 /* async_wake.c in Sources */,
				21BB9804222F05C40012AF40 /* machswap2_pwn.m in Sources */,
				214A1776224EBE5400588EC4 /* lzssdec.cpp in Sources */,
				2150A9E222021348001C8677 /* kernel_memory.c in Sources */,
				216F3F402228776E007DC1BC /* kc_parameters.c in Sources */,
				2150A9DF22021348001C8677 /* kernel_slide.c in Sources */,
				2101395521A09BB700F9C5F2 /* hideventsystem.c in Sources */,
				21C130EB214C03690021AA9D /* CreditsTableViewController.m in Sources */,
				2150A9CD22021330001C8677 /* voucher_swap.c in Sources */,
				21C0FC6C21369EB700849420 /* AppDelegate.m in Sources */,
				225D142221E052960045493D /* ArchiveFile.m in Sources */,
			);
			runOnlyForDeploymentPostprocessing = 0;
		};
/* End PBXSourcesBuildPhase section */

/* Begin PBXVariantGroup section */
		21C0FC7521369EB800849420 /* LaunchScreen.storyboard */ = {
			isa = PBXVariantGroup;
			children = (
				21C0FC7621369EB800849420 /* Base */,
			);
			name = LaunchScreen.storyboard;
			sourceTree = "<group>";
		};
/* End PBXVariantGroup section */

/* Begin XCBuildConfiguration section */
		21C0FC7B21369EB800849420 /* Debug */ = {
			isa = XCBuildConfiguration;
			buildSettings = {
				ALWAYS_SEARCH_USER_PATHS = NO;
				CLANG_ANALYZER_NONNULL = YES;
				CLANG_ANALYZER_NUMBER_OBJECT_CONVERSION = YES_AGGRESSIVE;
				CLANG_CXX_LANGUAGE_STANDARD = "gnu++14";
				CLANG_CXX_LIBRARY = "libc++";
				CLANG_ENABLE_MODULES = YES;
				CLANG_ENABLE_OBJC_ARC = YES;
				CLANG_ENABLE_OBJC_WEAK = YES;
				CLANG_WARN_BLOCK_CAPTURE_AUTORELEASING = YES;
				CLANG_WARN_BOOL_CONVERSION = YES;
				CLANG_WARN_COMMA = YES;
				CLANG_WARN_CONSTANT_CONVERSION = YES;
				CLANG_WARN_DEPRECATED_OBJC_IMPLEMENTATIONS = YES;
				CLANG_WARN_DIRECT_OBJC_ISA_USAGE = YES_ERROR;
				CLANG_WARN_DOCUMENTATION_COMMENTS = YES;
				CLANG_WARN_EMPTY_BODY = YES;
				CLANG_WARN_ENUM_CONVERSION = YES;
				CLANG_WARN_INFINITE_RECURSION = YES;
				CLANG_WARN_INT_CONVERSION = YES;
				CLANG_WARN_NON_LITERAL_NULL_CONVERSION = YES;
				CLANG_WARN_OBJC_IMPLICIT_RETAIN_SELF = YES;
				CLANG_WARN_OBJC_LITERAL_CONVERSION = YES;
				CLANG_WARN_OBJC_ROOT_CLASS = YES_ERROR;
				CLANG_WARN_RANGE_LOOP_ANALYSIS = YES;
				CLANG_WARN_STRICT_PROTOTYPES = YES;
				CLANG_WARN_SUSPICIOUS_MOVE = YES;
				CLANG_WARN_UNGUARDED_AVAILABILITY = YES_AGGRESSIVE;
				CLANG_WARN_UNREACHABLE_CODE = YES;
				CLANG_WARN__DUPLICATE_METHOD_MATCH = YES;
				CODE_SIGN_IDENTITY = "iPhone Developer";
				COPY_PHASE_STRIP = NO;
				DEBUG_INFORMATION_FORMAT = dwarf;
				ENABLE_STRICT_OBJC_MSGSEND = YES;
				ENABLE_TESTABILITY = YES;
				GCC_C_LANGUAGE_STANDARD = gnu11;
				GCC_DYNAMIC_NO_PIC = NO;
				GCC_NO_COMMON_BLOCKS = YES;
				GCC_OPTIMIZATION_LEVEL = 0;
				GCC_PREPROCESSOR_DEFINITIONS = (
					"DEBUG=1",
					"$(inherited)",
				);
				GCC_WARN_64_TO_32_BIT_CONVERSION = YES;
				GCC_WARN_ABOUT_RETURN_TYPE = YES_ERROR;
				GCC_WARN_UNDECLARED_SELECTOR = YES;
				GCC_WARN_UNINITIALIZED_AUTOS = YES_AGGRESSIVE;
				GCC_WARN_UNUSED_FUNCTION = YES;
				GCC_WARN_UNUSED_VARIABLE = YES;
				IPHONEOS_DEPLOYMENT_TARGET = 11.4;
				MTL_ENABLE_DEBUG_INFO = YES;
				ONLY_ACTIVE_ARCH = YES;
				SDKROOT = iphoneos;
			};
			name = Debug;
		};
		21C0FC7C21369EB800849420 /* Release */ = {
			isa = XCBuildConfiguration;
			buildSettings = {
				ALWAYS_SEARCH_USER_PATHS = NO;
				CLANG_ANALYZER_NONNULL = YES;
				CLANG_ANALYZER_NUMBER_OBJECT_CONVERSION = YES_AGGRESSIVE;
				CLANG_CXX_LANGUAGE_STANDARD = "gnu++14";
				CLANG_CXX_LIBRARY = "libc++";
				CLANG_ENABLE_MODULES = YES;
				CLANG_ENABLE_OBJC_ARC = YES;
				CLANG_ENABLE_OBJC_WEAK = YES;
				CLANG_WARN_BLOCK_CAPTURE_AUTORELEASING = YES;
				CLANG_WARN_BOOL_CONVERSION = YES;
				CLANG_WARN_COMMA = YES;
				CLANG_WARN_CONSTANT_CONVERSION = YES;
				CLANG_WARN_DEPRECATED_OBJC_IMPLEMENTATIONS = YES;
				CLANG_WARN_DIRECT_OBJC_ISA_USAGE = YES_ERROR;
				CLANG_WARN_DOCUMENTATION_COMMENTS = YES;
				CLANG_WARN_EMPTY_BODY = YES;
				CLANG_WARN_ENUM_CONVERSION = YES;
				CLANG_WARN_INFINITE_RECURSION = YES;
				CLANG_WARN_INT_CONVERSION = YES;
				CLANG_WARN_NON_LITERAL_NULL_CONVERSION = YES;
				CLANG_WARN_OBJC_IMPLICIT_RETAIN_SELF = YES;
				CLANG_WARN_OBJC_LITERAL_CONVERSION = YES;
				CLANG_WARN_OBJC_ROOT_CLASS = YES_ERROR;
				CLANG_WARN_RANGE_LOOP_ANALYSIS = YES;
				CLANG_WARN_STRICT_PROTOTYPES = YES;
				CLANG_WARN_SUSPICIOUS_MOVE = YES;
				CLANG_WARN_UNGUARDED_AVAILABILITY = YES_AGGRESSIVE;
				CLANG_WARN_UNREACHABLE_CODE = YES;
				CLANG_WARN__DUPLICATE_METHOD_MATCH = YES;
				CODE_SIGN_IDENTITY = "iPhone Developer";
				COPY_PHASE_STRIP = NO;
				DEBUG_INFORMATION_FORMAT = "dwarf-with-dsym";
				ENABLE_NS_ASSERTIONS = NO;
				ENABLE_STRICT_OBJC_MSGSEND = YES;
				GCC_C_LANGUAGE_STANDARD = gnu11;
				GCC_NO_COMMON_BLOCKS = YES;
				GCC_WARN_64_TO_32_BIT_CONVERSION = YES;
				GCC_WARN_ABOUT_RETURN_TYPE = YES_ERROR;
				GCC_WARN_UNDECLARED_SELECTOR = YES;
				GCC_WARN_UNINITIALIZED_AUTOS = YES_AGGRESSIVE;
				GCC_WARN_UNUSED_FUNCTION = YES;
				GCC_WARN_UNUSED_VARIABLE = YES;
				IPHONEOS_DEPLOYMENT_TARGET = 11.4;
				MTL_ENABLE_DEBUG_INFO = NO;
				SDKROOT = iphoneos;
				VALIDATE_PRODUCT = YES;
			};
			name = Release;
		};
		21C0FC7E21369EB800849420 /* Debug */ = {
			isa = XCBuildConfiguration;
			buildSettings = {
				ALWAYS_SEARCH_USER_PATHS = YES;
				ARCHS = (
					arm64e,
					arm64,
				);
				ASSETCATALOG_COMPILER_APPICON_NAME = AppIcon;
				CLANG_ENABLE_OBJC_ARC = YES;
				CODE_SIGN_ENTITLEMENTS = "$(SRCROOT)/Undecimus/multi_path.entitlements";
				CODE_SIGN_IDENTITY = "iPhone Developer";
				CODE_SIGN_STYLE = Manual;
				DEVELOPMENT_TEAM = "";
				ENABLE_BITCODE = NO;
				FRAMEWORK_SEARCH_PATHS = (
					"$(inherited)",
					"$(PROJECT_DIR)/Undecimus",
					"$(PROJECT_DIR)/Undecimus/frameworks",
				);
				HEADER_SEARCH_PATHS = (
					"$(inherited)",
					"$(PROJECT_DIR)/Undecimus/include",
					"$(PROJECT_DIR)/patchfinder64",
					"$(PROJECT_DIR)/snappy",
					"$(PROJECT_DIR)/Injector",
					"$(PROJECT_DIR)/offset-cache",
					"$(PROJECT_DIR)/kerneldec",
				);
				INFOPLIST_FILE = Undecimus/Info.plist;
				IPHONEOS_DEPLOYMENT_TARGET = 11.0;
				LD_RUNPATH_SEARCH_PATHS = "$(inherited) @executable_path/Frameworks";
				LIBRARY_SEARCH_PATHS = (
					"$(inherited)",
					"$(PROJECT_DIR)/Undecimus",
					"$(PROJECT_DIR)/Undecimus/libs",
				);
				ONLY_ACTIVE_ARCH = NO;
				OTHER_CFLAGS = "";
				"OTHER_CFLAGS[arch=*]" = "-DUNDECIMUS";
				OTHER_LDFLAGS = (
					"-framework",
					IOKit,
					"-w",
				);
				PRODUCT_BUNDLE_IDENTIFIER = science.xnu.undecimus;
				PRODUCT_NAME = "$(TARGET_NAME)";
				PROVISIONING_PROFILE_SPECIFIER = "";
				TARGETED_DEVICE_FAMILY = "1,2";
				VALID_ARCHS = "arm64 arm64e";
			};
			name = Debug;
		};
		21C0FC7F21369EB800849420 /* Release */ = {
			isa = XCBuildConfiguration;
			buildSettings = {
				ALWAYS_SEARCH_USER_PATHS = YES;
				ARCHS = (
					arm64e,
					arm64,
				);
				ASSETCATALOG_COMPILER_APPICON_NAME = AppIcon;
				CLANG_ENABLE_OBJC_ARC = YES;
				CODE_SIGN_ENTITLEMENTS = "$(SRCROOT)/Undecimus/multi_path.entitlements";
				CODE_SIGN_IDENTITY = "iPhone Developer";
				CODE_SIGN_STYLE = Manual;
				DEVELOPMENT_TEAM = "";
				ENABLE_BITCODE = NO;
				FRAMEWORK_SEARCH_PATHS = (
					"$(inherited)",
					"$(PROJECT_DIR)/Undecimus",
					"$(PROJECT_DIR)/Undecimus/frameworks",
				);
				HEADER_SEARCH_PATHS = (
					"$(inherited)",
					"$(PROJECT_DIR)/Undecimus/include",
					"$(PROJECT_DIR)/patchfinder64",
					"$(PROJECT_DIR)/snappy",
					"$(PROJECT_DIR)/Injector",
					"$(PROJECT_DIR)/offset-cache",
					"$(PROJECT_DIR)/kerneldec",
				);
				INFOPLIST_FILE = Undecimus/Info.plist;
				IPHONEOS_DEPLOYMENT_TARGET = 11.0;
				LD_RUNPATH_SEARCH_PATHS = "$(inherited) @executable_path/Frameworks";
				LIBRARY_SEARCH_PATHS = (
					"$(inherited)",
					"$(PROJECT_DIR)/Undecimus",
					"$(PROJECT_DIR)/Undecimus/libs",
				);
				OTHER_CFLAGS = "";
				"OTHER_CFLAGS[arch=*]" = "-DUNDECIMUS";
				OTHER_LDFLAGS = (
					"-framework",
					IOKit,
					"-w",
				);
				PRODUCT_BUNDLE_IDENTIFIER = science.xnu.undecimus;
				PRODUCT_NAME = "$(TARGET_NAME)";
				PROVISIONING_PROFILE_SPECIFIER = "";
				TARGETED_DEVICE_FAMILY = "1,2";
				VALID_ARCHS = "arm64 arm64e";
			};
			name = Release;
		};
/* End XCBuildConfiguration section */

/* Begin XCConfigurationList section */
		21C0FC6221369EB700849420 /* Build configuration list for PBXProject "Undecimus" */ = {
			isa = XCConfigurationList;
			buildConfigurations = (
				21C0FC7B21369EB800849420 /* Debug */,
				21C0FC7C21369EB800849420 /* Release */,
			);
			defaultConfigurationIsVisible = 0;
			defaultConfigurationName = Release;
		};
		21C0FC7D21369EB800849420 /* Build configuration list for PBXNativeTarget "Undecimus" */ = {
			isa = XCConfigurationList;
			buildConfigurations = (
				21C0FC7E21369EB800849420 /* Debug */,
				21C0FC7F21369EB800849420 /* Release */,
			);
			defaultConfigurationIsVisible = 0;
			defaultConfigurationName = Release;
		};
/* End XCConfigurationList section */
	};
	rootObject = 21C0FC5F21369EB700849420 /* Project object */;
}
