// !$*UTF8*$!
{
	archiveVersion = 1;
	classes = {
	};
	objectVersion = 48;
	objects = {

/* Begin PBXBuildFile section */
		2101395521A09BB700F9C5F2 /* hideventsystem.c in Sources */ = {isa = PBXBuildFile; fileRef = 2101395321A09BB700F9C5F2 /* hideventsystem.c */; settings = {COMPILER_FLAGS = "-Wno-everything"; }; };
		2116449A21737F9500250744 /* ViewController.m in Sources */ = {isa = PBXBuildFile; fileRef = 21C0FC6E21369EB700849420 /* ViewController.m */; settings = {COMPILER_FLAGS = "-Wno-unused-variable -Wno-unused-function -Wno-deprecated-declarations"; }; };
		212D8841216B9FB400A36DA5 /* patchfinder64.c in Sources */ = {isa = PBXBuildFile; fileRef = 21A97FCA2148103B00DC0023 /* patchfinder64.c */; settings = {COMPILER_FLAGS = "-Wno-unused-variable -Wno-unused-function"; }; };
		212D8844216E4C4800A36DA5 /* find_port.c in Sources */ = {isa = PBXBuildFile; fileRef = 212D8842216E4C4700A36DA5 /* find_port.c */; };
		212D8847216E4DF600A36DA5 /* early_kalloc.c in Sources */ = {isa = PBXBuildFile; fileRef = 212D8846216E4DF600A36DA5 /* early_kalloc.c */; };
		212D884A216E4EBF00A36DA5 /* async_wake.c in Sources */ = {isa = PBXBuildFile; fileRef = 212D8849216E4EBE00A36DA5 /* async_wake.c */; };
		2139534C21763A0C00B17F8D /* rsync.tar in Resources */ = {isa = PBXBuildFile; fileRef = 2139534B21763A0B00B17F8D /* rsync.tar */; };
		21466CDC21AEEA3A00B99B4C /* injector.deb in Resources */ = {isa = PBXBuildFile; fileRef = 21466CDB21AEEA3A00B99B4C /* injector.deb */; };
		21466CDE21AEEC9200B99B4C /* spawn.deb in Resources */ = {isa = PBXBuildFile; fileRef = 21466CDD21AEEC9200B99B4C /* spawn.deb */; };
		2170BD3721B193650059BD10 /* qilin.o in Frameworks */ = {isa = PBXBuildFile; fileRef = 21C0FC8C2136A0D100849420 /* qilin.o */; };
		2170BD3B21B193800059BD10 /* libMobileGestalt.tbd in Frameworks */ = {isa = PBXBuildFile; fileRef = 211D0D84218DEF3E008745D8 /* libMobileGestalt.tbd */; };
		2170BDCD21B332FC0059BD10 /* SpringBoardServices.framework in Frameworks */ = {isa = PBXBuildFile; fileRef = 21C0FC902136A46500849420 /* SpringBoardServices.framework */; };
		21A97FD02148103C00DC0023 /* remote_memory.c in Sources */ = {isa = PBXBuildFile; fileRef = 21A97FC62148103B00DC0023 /* remote_memory.c */; };
		21A97FD12148103C00DC0023 /* kexecute.m in Sources */ = {isa = PBXBuildFile; fileRef = 21A97FC82148103B00DC0023 /* kexecute.m */; };
		21A97FD32148103C00DC0023 /* kutils.c in Sources */ = {isa = PBXBuildFile; fileRef = 21A97FCC2148103B00DC0023 /* kutils.c */; };
		21A97FD42148103C00DC0023 /* remote_call.c in Sources */ = {isa = PBXBuildFile; fileRef = 21A97FCD2148103B00DC0023 /* remote_call.c */; };
		21C0FC6C21369EB700849420 /* AppDelegate.m in Sources */ = {isa = PBXBuildFile; fileRef = 21C0FC6B21369EB700849420 /* AppDelegate.m */; };
		21C0FC7421369EB800849420 /* Assets.xcassets in Resources */ = {isa = PBXBuildFile; fileRef = 21C0FC7321369EB800849420 /* Assets.xcassets */; };
		21C0FC7721369EB800849420 /* LaunchScreen.storyboard in Resources */ = {isa = PBXBuildFile; fileRef = 21C0FC7521369EB800849420 /* LaunchScreen.storyboard */; };
		21C0FC7A21369EB800849420 /* main.m in Sources */ = {isa = PBXBuildFile; fileRef = 21C0FC7921369EB800849420 /* main.m */; };
		21C0FC8721369EE900849420 /* kmem.c in Sources */ = {isa = PBXBuildFile; fileRef = 21C0FC8021369EE900849420 /* kmem.c */; };
		21C0FC8A21369EE900849420 /* offsets.m in Sources */ = {isa = PBXBuildFile; fileRef = 21C0FC8621369EE900849420 /* offsets.m */; };
		21C130E0214BC2880021AA9D /* unlocknvram.c in Sources */ = {isa = PBXBuildFile; fileRef = 21C130DE214BC2880021AA9D /* unlocknvram.c */; };
		21C130EB214C03690021AA9D /* CreditsTableViewController.m in Sources */ = {isa = PBXBuildFile; fileRef = 21C130EA214C03690021AA9D /* CreditsTableViewController.m */; };
		21C130FB214C1EBA0021AA9D /* untar.c in Sources */ = {isa = PBXBuildFile; fileRef = 21C130FA214C1EBA0021AA9D /* untar.c */; };
		21C13105214C20950021AA9D /* tar.tar in Resources */ = {isa = PBXBuildFile; fileRef = 21C13100214C20950021AA9D /* tar.tar */; };
		21C13110214C2E570021AA9D /* strap.tar.lzma in Resources */ = {isa = PBXBuildFile; fileRef = 21C1310F214C2E570021AA9D /* strap.tar.lzma */; };
		21C13116214C51100021AA9D /* lzma.tar in Resources */ = {isa = PBXBuildFile; fileRef = 21C13115214C510F0021AA9D /* lzma.tar */; };
		21C13119214D268F0021AA9D /* multi_path_sploit.c in Sources */ = {isa = PBXBuildFile; fileRef = 21C13117214D268F0021AA9D /* multi_path_sploit.c */; settings = {COMPILER_FLAGS = "-Wno-everything"; }; };
		21C1312F214E69F80021AA9D /* empty_list_sploit.c in Sources */ = {isa = PBXBuildFile; fileRef = 21C0FC8521369EE900849420 /* empty_list_sploit.c */; settings = {COMPILER_FLAGS = "-Wno-everything"; }; };
		21FED6A72168DB460024BC95 /* Painting_With_Chocolate.ttf in Resources */ = {isa = PBXBuildFile; fileRef = 21FED6A42168DB460024BC95 /* Painting_With_Chocolate.ttf */; };
		21FED6AB2168F8060024BC95 /* SettingsTableViewController.m in Sources */ = {isa = PBXBuildFile; fileRef = 21C130E5214BDDE20021AA9D /* SettingsTableViewController.m */; settings = {COMPILER_FLAGS = "-Wno-unused-variable -Wno-unused-function"; }; };
		225D142221E052960045493D /* unar.m in Sources */ = {isa = PBXBuildFile; fileRef = 225D142121E052960045493D /* unar.m */; };
		225D142521E0593E0045493D /* mobilesubstrate.deb in Resources */ = {isa = PBXBuildFile; fileRef = 225D142421E0593E0045493D /* mobilesubstrate.deb */; };
		227629A521C64E640060080A /* substrate-dummy.deb in Resources */ = {isa = PBXBuildFile; fileRef = 227629A421C64E630060080A /* substrate-dummy.deb */; };
		22C546AB21A8A8FD00EFC09C /* utils.m in Sources */ = {isa = PBXBuildFile; fileRef = 22C546AA21A8A8FD00EFC09C /* utils.m */; };
		22C546BA21A8D59C00EFC09C /* amfid_payload.tar in Resources */ = {isa = PBXBuildFile; fileRef = 22C546B921A8D59C00EFC09C /* amfid_payload.tar */; };
		22C546C721A8D8AC00EFC09C /* ca-certificates.deb in Resources */ = {isa = PBXBuildFile; fileRef = 22C546C321A8D7FA00EFC09C /* ca-certificates.deb */; };
		22C546C821A8D8AC00EFC09C /* cydia-lproj.deb in Resources */ = {isa = PBXBuildFile; fileRef = 22C546C621A8D7FA00EFC09C /* cydia-lproj.deb */; };
		22C546C921A8D8AC00EFC09C /* cydia.deb in Resources */ = {isa = PBXBuildFile; fileRef = 22C546C521A8D7FA00EFC09C /* cydia.deb */; };
		22C546CA21A8D8AC00EFC09C /* openssh.deb in Resources */ = {isa = PBXBuildFile; fileRef = 22C546C221A8D7FA00EFC09C /* openssh.deb */; };
		22C546CB21A8D8AC00EFC09C /* openssl.deb in Resources */ = {isa = PBXBuildFile; fileRef = 22C546C421A8D7FA00EFC09C /* openssl.deb */; };
		22C546CC21A8D8AC00EFC09C /* resources.deb in Resources */ = {isa = PBXBuildFile; fileRef = 22C546C121A8D7DA00EFC09C /* resources.deb */; };
		22CFED9221CDFE6B00A216BE /* libmis.tbd in Frameworks */ = {isa = PBXBuildFile; fileRef = 22CFED9121CDFE6B00A216BE /* libmis.tbd */; };
		22F91CDB21E02CF300B2FCAE /* inject.m in Sources */ = {isa = PBXBuildFile; fileRef = 22F91CD921E02CF200B2FCAE /* inject.m */; };
		22F91CE321E033A500B2FCAE /* libsnappy.c in Sources */ = {isa = PBXBuildFile; fileRef = 22F91CE221E033A500B2FCAE /* libsnappy.c */; };
		8D592A68218E47F60035D2BC /* Main.storyboard in Resources */ = {isa = PBXBuildFile; fileRef = 8D592A67218E47F60035D2BC /* Main.storyboard */; };
/* End PBXBuildFile section */

/* Begin PBXFileReference section */
		2101395321A09BB700F9C5F2 /* hideventsystem.c */ = {isa = PBXFileReference; fileEncoding = 4; lastKnownFileType = sourcecode.c.c; path = hideventsystem.c; sourceTree = "<group>"; };
		2101395421A09BB700F9C5F2 /* hideventsystem.h */ = {isa = PBXFileReference; fileEncoding = 4; lastKnownFileType = sourcecode.c.h; path = hideventsystem.h; sourceTree = "<group>"; };
		211C372521CE2DD700ADBEA2 /* reboot.h */ = {isa = PBXFileReference; fileEncoding = 4; lastKnownFileType = sourcecode.c.h; path = reboot.h; sourceTree = "<group>"; };
		211C372721CE2DD800ADBEA2 /* route.h */ = {isa = PBXFileReference; fileEncoding = 4; lastKnownFileType = sourcecode.c.h; path = route.h; sourceTree = "<group>"; };
		211C372921CE2DD800ADBEA2 /* proc_info.h */ = {isa = PBXFileReference; fileEncoding = 4; lastKnownFileType = sourcecode.c.h; path = proc_info.h; sourceTree = "<group>"; };
		211C372A21CE2DD800ADBEA2 /* kern_control.h */ = {isa = PBXFileReference; fileEncoding = 4; lastKnownFileType = sourcecode.c.h; path = kern_control.h; sourceTree = "<group>"; };
		211D0D84218DEF3E008745D8 /* libMobileGestalt.tbd */ = {isa = PBXFileReference; lastKnownFileType = "sourcecode.text-based-dylib-definition"; name = libMobileGestalt.tbd; path = usr/lib/libMobileGestalt.tbd; sourceTree = SDKROOT; };
		212D8842216E4C4700A36DA5 /* find_port.c */ = {isa = PBXFileReference; fileEncoding = 4; lastKnownFileType = sourcecode.c.c; path = find_port.c; sourceTree = "<group>"; };
		212D8843216E4C4700A36DA5 /* find_port.h */ = {isa = PBXFileReference; fileEncoding = 4; lastKnownFileType = sourcecode.c.h; path = find_port.h; sourceTree = "<group>"; };
		212D8845216E4DF600A36DA5 /* early_kalloc.h */ = {isa = PBXFileReference; fileEncoding = 4; lastKnownFileType = sourcecode.c.h; path = early_kalloc.h; sourceTree = "<group>"; };
		212D8846216E4DF600A36DA5 /* early_kalloc.c */ = {isa = PBXFileReference; fileEncoding = 4; lastKnownFileType = sourcecode.c.c; path = early_kalloc.c; sourceTree = "<group>"; };
		212D8848216E4EBE00A36DA5 /* async_wake.h */ = {isa = PBXFileReference; fileEncoding = 4; lastKnownFileType = sourcecode.c.h; path = async_wake.h; sourceTree = "<group>"; };
		212D8849216E4EBE00A36DA5 /* async_wake.c */ = {isa = PBXFileReference; fileEncoding = 4; lastKnownFileType = sourcecode.c.c; path = async_wake.c; sourceTree = "<group>"; };
		2139534B21763A0B00B17F8D /* rsync.tar */ = {isa = PBXFileReference; lastKnownFileType = archive.tar; path = rsync.tar; sourceTree = "<group>"; };
		21395357217CBA1000B17F8D /* MobileGestalt.h */ = {isa = PBXFileReference; fileEncoding = 4; lastKnownFileType = sourcecode.c.h; path = MobileGestalt.h; sourceTree = "<group>"; };
		21466CDB21AEEA3A00B99B4C /* injector.deb */ = {isa = PBXFileReference; lastKnownFileType = archive.ar; path = injector.deb; sourceTree = "<group>"; };
		21466CDD21AEEC9200B99B4C /* spawn.deb */ = {isa = PBXFileReference; lastKnownFileType = archive.ar; path = spawn.deb; sourceTree = "<group>"; };
		21A97FC42148103A00DC0023 /* kexecute.h */ = {isa = PBXFileReference; fileEncoding = 4; lastKnownFileType = sourcecode.c.h; path = kexecute.h; sourceTree = "<group>"; };
		21A97FC52148103B00DC0023 /* remote_call.h */ = {isa = PBXFileReference; fileEncoding = 4; lastKnownFileType = sourcecode.c.h; path = remote_call.h; sourceTree = "<group>"; };
		21A97FC62148103B00DC0023 /* remote_memory.c */ = {isa = PBXFileReference; fileEncoding = 4; lastKnownFileType = sourcecode.c.c; path = remote_memory.c; sourceTree = "<group>"; };
		21A97FC82148103B00DC0023 /* kexecute.m */ = {isa = PBXFileReference; fileEncoding = 4; lastKnownFileType = sourcecode.c.objc; path = kexecute.m; sourceTree = "<group>"; };
		21A97FC92148103B00DC0023 /* kutils.h */ = {isa = PBXFileReference; fileEncoding = 4; lastKnownFileType = sourcecode.c.h; path = kutils.h; sourceTree = "<group>"; };
		21A97FCA2148103B00DC0023 /* patchfinder64.c */ = {isa = PBXFileReference; fileEncoding = 4; lastKnownFileType = sourcecode.c.c; path = patchfinder64.c; sourceTree = "<group>"; };
		21A97FCB2148103B00DC0023 /* patchfinder64.h */ = {isa = PBXFileReference; fileEncoding = 4; lastKnownFileType = sourcecode.c.h; path = patchfinder64.h; sourceTree = "<group>"; };
		21A97FCC2148103B00DC0023 /* kutils.c */ = {isa = PBXFileReference; fileEncoding = 4; lastKnownFileType = sourcecode.c.c; path = kutils.c; sourceTree = "<group>"; };
		21A97FCD2148103B00DC0023 /* remote_call.c */ = {isa = PBXFileReference; fileEncoding = 4; lastKnownFileType = sourcecode.c.c; path = remote_call.c; sourceTree = "<group>"; };
		21A97FCE2148103C00DC0023 /* remote_memory.h */ = {isa = PBXFileReference; fileEncoding = 4; lastKnownFileType = sourcecode.c.h; path = remote_memory.h; sourceTree = "<group>"; };
		21C0FC6721369EB700849420 /* Undecimus.app */ = {isa = PBXFileReference; explicitFileType = wrapper.application; includeInIndex = 0; path = Undecimus.app; sourceTree = BUILT_PRODUCTS_DIR; };
		21C0FC6A21369EB700849420 /* AppDelegate.h */ = {isa = PBXFileReference; lastKnownFileType = sourcecode.c.h; path = AppDelegate.h; sourceTree = "<group>"; };
		21C0FC6B21369EB700849420 /* AppDelegate.m */ = {isa = PBXFileReference; lastKnownFileType = sourcecode.c.objc; path = AppDelegate.m; sourceTree = "<group>"; };
		21C0FC6D21369EB700849420 /* ViewController.h */ = {isa = PBXFileReference; lastKnownFileType = sourcecode.c.h; path = ViewController.h; sourceTree = "<group>"; };
		21C0FC6E21369EB700849420 /* ViewController.m */ = {isa = PBXFileReference; lastKnownFileType = sourcecode.c.objc; path = ViewController.m; sourceTree = "<group>"; wrapsLines = 0; };
		21C0FC7321369EB800849420 /* Assets.xcassets */ = {isa = PBXFileReference; lastKnownFileType = folder.assetcatalog; path = Assets.xcassets; sourceTree = "<group>"; };
		21C0FC7621369EB800849420 /* Base */ = {isa = PBXFileReference; lastKnownFileType = file.storyboard; name = Base; path = Base.lproj/LaunchScreen.storyboard; sourceTree = "<group>"; };
		21C0FC7821369EB800849420 /* Info.plist */ = {isa = PBXFileReference; lastKnownFileType = text.plist.xml; path = Info.plist; sourceTree = "<group>"; };
		21C0FC7921369EB800849420 /* main.m */ = {isa = PBXFileReference; lastKnownFileType = sourcecode.c.objc; path = main.m; sourceTree = "<group>"; };
		21C0FC8021369EE900849420 /* kmem.c */ = {isa = PBXFileReference; fileEncoding = 4; lastKnownFileType = sourcecode.c.c; path = kmem.c; sourceTree = "<group>"; };
		21C0FC8121369EE900849420 /* empty_list_sploit.h */ = {isa = PBXFileReference; fileEncoding = 4; lastKnownFileType = sourcecode.c.h; path = empty_list_sploit.h; sourceTree = "<group>"; };
		21C0FC8221369EE900849420 /* offsets.h */ = {isa = PBXFileReference; fileEncoding = 4; lastKnownFileType = sourcecode.c.h; path = offsets.h; sourceTree = "<group>"; };
		21C0FC8321369EE900849420 /* kmem.h */ = {isa = PBXFileReference; fileEncoding = 4; lastKnownFileType = sourcecode.c.h; path = kmem.h; sourceTree = "<group>"; };
		21C0FC8521369EE900849420 /* empty_list_sploit.c */ = {isa = PBXFileReference; fileEncoding = 4; lastKnownFileType = sourcecode.c.c; path = empty_list_sploit.c; sourceTree = "<group>"; };
		21C0FC8621369EE900849420 /* offsets.m */ = {isa = PBXFileReference; fileEncoding = 4; lastKnownFileType = sourcecode.c.objc; path = offsets.m; sourceTree = "<group>"; };
		21C0FC8B21369FC500849420 /* common.h */ = {isa = PBXFileReference; lastKnownFileType = sourcecode.c.h; path = common.h; sourceTree = "<group>"; };
		21C0FC8C2136A0D100849420 /* qilin.o */ = {isa = PBXFileReference; lastKnownFileType = "compiled.mach-o.objfile"; path = qilin.o; sourceTree = "<group>"; };
		21C0FC8D2136A0D100849420 /* QiLin.h */ = {isa = PBXFileReference; fileEncoding = 4; lastKnownFileType = sourcecode.c.h; path = QiLin.h; sourceTree = "<group>"; };
		21C0FC8F2136A2C500849420 /* iokit.h */ = {isa = PBXFileReference; lastKnownFileType = sourcecode.c.h; path = iokit.h; sourceTree = "<group>"; };
		21C0FC902136A46500849420 /* SpringBoardServices.framework */ = {isa = PBXFileReference; lastKnownFileType = wrapper.framework; path = SpringBoardServices.framework; sourceTree = "<group>"; };
		21C130DE214BC2880021AA9D /* unlocknvram.c */ = {isa = PBXFileReference; fileEncoding = 4; lastKnownFileType = sourcecode.c.c; path = unlocknvram.c; sourceTree = "<group>"; };
		21C130DF214BC2880021AA9D /* unlocknvram.h */ = {isa = PBXFileReference; fileEncoding = 4; lastKnownFileType = sourcecode.c.h; path = unlocknvram.h; sourceTree = "<group>"; };
		21C130E4214BDDE20021AA9D /* SettingsTableViewController.h */ = {isa = PBXFileReference; lastKnownFileType = sourcecode.c.h; path = SettingsTableViewController.h; sourceTree = "<group>"; };
		21C130E5214BDDE20021AA9D /* SettingsTableViewController.m */ = {isa = PBXFileReference; lastKnownFileType = sourcecode.c.objc; path = SettingsTableViewController.m; sourceTree = "<group>"; };
		21C130E9214C03690021AA9D /* CreditsTableViewController.h */ = {isa = PBXFileReference; lastKnownFileType = sourcecode.c.h; path = CreditsTableViewController.h; sourceTree = "<group>"; };
		21C130EA214C03690021AA9D /* CreditsTableViewController.m */ = {isa = PBXFileReference; lastKnownFileType = sourcecode.c.objc; path = CreditsTableViewController.m; sourceTree = "<group>"; };
		21C130FA214C1EBA0021AA9D /* untar.c */ = {isa = PBXFileReference; fileEncoding = 4; lastKnownFileType = sourcecode.c.c; path = untar.c; sourceTree = "<group>"; };
		21C130FC214C1EC00021AA9D /* untar.h */ = {isa = PBXFileReference; lastKnownFileType = sourcecode.c.h; path = untar.h; sourceTree = "<group>"; };
		21C13100214C20950021AA9D /* tar.tar */ = {isa = PBXFileReference; lastKnownFileType = archive.tar; path = tar.tar; sourceTree = "<group>"; };
		21C1310F214C2E570021AA9D /* strap.tar.lzma */ = {isa = PBXFileReference; lastKnownFileType = file; path = strap.tar.lzma; sourceTree = "<group>"; };
		21C13115214C510F0021AA9D /* lzma.tar */ = {isa = PBXFileReference; lastKnownFileType = archive.tar; path = lzma.tar; sourceTree = "<group>"; };
		21C13117214D268F0021AA9D /* multi_path_sploit.c */ = {isa = PBXFileReference; fileEncoding = 4; lastKnownFileType = sourcecode.c.c; path = multi_path_sploit.c; sourceTree = "<group>"; };
		21C13118214D268F0021AA9D /* multi_path_sploit.h */ = {isa = PBXFileReference; fileEncoding = 4; lastKnownFileType = sourcecode.c.h; path = multi_path_sploit.h; sourceTree = "<group>"; };
		21C1312E214D5A710021AA9D /* multi_path.entitlements */ = {isa = PBXFileReference; lastKnownFileType = text.plist.entitlements; path = multi_path.entitlements; sourceTree = "<group>"; };
		21E9642421A1DD6F000625F7 /* NSTask.h */ = {isa = PBXFileReference; lastKnownFileType = sourcecode.c.h; path = NSTask.h; sourceTree = "<group>"; };
		21FED6A42168DB460024BC95 /* Painting_With_Chocolate.ttf */ = {isa = PBXFileReference; lastKnownFileType = file; path = Painting_With_Chocolate.ttf; sourceTree = "<group>"; };
		225D142121E052960045493D /* unar.m */ = {isa = PBXFileReference; lastKnownFileType = sourcecode.c.objc; path = unar.m; sourceTree = "<group>"; };
		225D142321E055E90045493D /* unar.h */ = {isa = PBXFileReference; lastKnownFileType = sourcecode.c.h; path = unar.h; sourceTree = "<group>"; };
		225D142421E0593E0045493D /* mobilesubstrate.deb */ = {isa = PBXFileReference; lastKnownFileType = archive.ar; path = mobilesubstrate.deb; sourceTree = "<group>"; };
		227629A421C64E630060080A /* substrate-dummy.deb */ = {isa = PBXFileReference; lastKnownFileType = archive.ar; path = "substrate-dummy.deb"; sourceTree = "<group>"; };
		22C546AA21A8A8FD00EFC09C /* utils.m */ = {isa = PBXFileReference; lastKnownFileType = sourcecode.c.objc; path = utils.m; sourceTree = "<group>"; };
		22C546AC21A8A91A00EFC09C /* utils.h */ = {isa = PBXFileReference; lastKnownFileType = sourcecode.c.h; path = utils.h; sourceTree = "<group>"; };
		22C546B921A8D59C00EFC09C /* amfid_payload.tar */ = {isa = PBXFileReference; lastKnownFileType = archive.tar; path = amfid_payload.tar; sourceTree = "<group>"; };
		22C546C121A8D7DA00EFC09C /* resources.deb */ = {isa = PBXFileReference; lastKnownFileType = archive.ar; path = resources.deb; sourceTree = "<group>"; };
		22C546C221A8D7FA00EFC09C /* openssh.deb */ = {isa = PBXFileReference; lastKnownFileType = archive.ar; path = openssh.deb; sourceTree = "<group>"; };
		22C546C321A8D7FA00EFC09C /* ca-certificates.deb */ = {isa = PBXFileReference; lastKnownFileType = archive.ar; path = "ca-certificates.deb"; sourceTree = "<group>"; };
		22C546C421A8D7FA00EFC09C /* openssl.deb */ = {isa = PBXFileReference; lastKnownFileType = archive.ar; path = openssl.deb; sourceTree = "<group>"; };
		22C546C521A8D7FA00EFC09C /* cydia.deb */ = {isa = PBXFileReference; lastKnownFileType = archive.ar; path = cydia.deb; sourceTree = "<group>"; };
		22C546C621A8D7FA00EFC09C /* cydia-lproj.deb */ = {isa = PBXFileReference; lastKnownFileType = archive.ar; path = "cydia-lproj.deb"; sourceTree = "<group>"; };
		22CFED9121CDFE6B00A216BE /* libmis.tbd */ = {isa = PBXFileReference; lastKnownFileType = "sourcecode.text-based-dylib-definition"; name = libmis.tbd; path = usr/lib/libmis.tbd; sourceTree = SDKROOT; };
		22F91CD921E02CF200B2FCAE /* inject.m */ = {isa = PBXFileReference; fileEncoding = 4; lastKnownFileType = sourcecode.c.objc; name = inject.m; path = Injector/inject.m; sourceTree = SOURCE_ROOT; };
		22F91CDA21E02CF300B2FCAE /* inject.h */ = {isa = PBXFileReference; fileEncoding = 4; lastKnownFileType = sourcecode.c.h; name = inject.h; path = Injector/inject.h; sourceTree = SOURCE_ROOT; };
		22F91CDE21E02EB000B2FCAE /* snappy.h */ = {isa = PBXFileReference; fileEncoding = 4; lastKnownFileType = sourcecode.c.h; name = snappy.h; path = snappy/snappy.h; sourceTree = SOURCE_ROOT; };
		22F91CE221E033A500B2FCAE /* libsnappy.c */ = {isa = PBXFileReference; fileEncoding = 4; lastKnownFileType = sourcecode.c.c; name = libsnappy.c; path = snappy/libsnappy.c; sourceTree = SOURCE_ROOT; };
		8D592A67218E47F60035D2BC /* Main.storyboard */ = {isa = PBXFileReference; fileEncoding = 4; lastKnownFileType = file.storyboard; path = Main.storyboard; sourceTree = "<group>"; };
/* End PBXFileReference section */

/* Begin PBXFrameworksBuildPhase section */
		21C0FC6421369EB700849420 /* Frameworks */ = {
			isa = PBXFrameworksBuildPhase;
			buildActionMask = 2147483647;
			files = (
				22CFED9221CDFE6B00A216BE /* libmis.tbd in Frameworks */,
				2170BD3721B193650059BD10 /* qilin.o in Frameworks */,
				2170BDCD21B332FC0059BD10 /* SpringBoardServices.framework in Frameworks */,
				2170BD3B21B193800059BD10 /* libMobileGestalt.tbd in Frameworks */,
			);
			runOnlyForDeploymentPostprocessing = 0;
		};
/* End PBXFrameworksBuildPhase section */

/* Begin PBXGroup section */
		211C372621CE2DD800ADBEA2 /* net */ = {
			isa = PBXGroup;
			children = (
				211C372721CE2DD800ADBEA2 /* route.h */,
			);
			path = net;
			sourceTree = "<group>";
		};
		211C372821CE2DD800ADBEA2 /* sys */ = {
			isa = PBXGroup;
			children = (
				211C372921CE2DD800ADBEA2 /* proc_info.h */,
				211C372A21CE2DD800ADBEA2 /* kern_control.h */,
			);
			path = sys;
			sourceTree = "<group>";
		};
		21675B62214A68B700D20E2B /* Frameworks */ = {
			isa = PBXGroup;
			children = (
				22CFED9121CDFE6B00A216BE /* libmis.tbd */,
				211D0D84218DEF3E008745D8 /* libMobileGestalt.tbd */,
			);
			name = Frameworks;
			sourceTree = "<group>";
		};
		2170BD3421B192750059BD10 /* include */ = {
			isa = PBXGroup;
			children = (
				211C372621CE2DD800ADBEA2 /* net */,
				211C372521CE2DD700ADBEA2 /* reboot.h */,
				211C372821CE2DD800ADBEA2 /* sys */,
				21C0FC8B21369FC500849420 /* common.h */,
				21C0FC8F2136A2C500849420 /* iokit.h */,
				21C0FC8D2136A0D100849420 /* QiLin.h */,
				21E9642421A1DD6F000625F7 /* NSTask.h */,
				21395357217CBA1000B17F8D /* MobileGestalt.h */,
			);
			path = include;
			sourceTree = "<group>";
		};
		2170BD3521B192A30059BD10 /* libs */ = {
			isa = PBXGroup;
			children = (
				21C0FC8C2136A0D100849420 /* qilin.o */,
			);
			path = libs;
			sourceTree = "<group>";
		};
		2170BD3621B192B90059BD10 /* resources */ = {
			isa = PBXGroup;
			children = (
				225D142421E0593E0045493D /* mobilesubstrate.deb */,
				227629A421C64E630060080A /* substrate-dummy.deb */,
				21C1312E214D5A710021AA9D /* multi_path.entitlements */,
				21466CDD21AEEC9200B99B4C /* spawn.deb */,
				21466CDB21AEEA3A00B99B4C /* injector.deb */,
				22C546C321A8D7FA00EFC09C /* ca-certificates.deb */,
				22C546C621A8D7FA00EFC09C /* cydia-lproj.deb */,
				22C546C521A8D7FA00EFC09C /* cydia.deb */,
				22C546C221A8D7FA00EFC09C /* openssh.deb */,
				22C546C421A8D7FA00EFC09C /* openssl.deb */,
				22C546C121A8D7DA00EFC09C /* resources.deb */,
				22C546B921A8D59C00EFC09C /* amfid_payload.tar */,
				2139534B21763A0B00B17F8D /* rsync.tar */,
				21C13115214C510F0021AA9D /* lzma.tar */,
				21C1310F214C2E570021AA9D /* strap.tar.lzma */,
				21C13100214C20950021AA9D /* tar.tar */,
				21FED6A42168DB460024BC95 /* Painting_With_Chocolate.ttf */,
			);
			path = resources;
			sourceTree = "<group>";
		};
		2170BDCB21B32FF10059BD10 /* source */ = {
			isa = PBXGroup;
			children = (
				22F91CDC21E02D0B00B2FCAE /* snappy */,
				22F91CD821E02CC700B2FCAE /* injector */,
				2101395321A09BB700F9C5F2 /* hideventsystem.c */,
				2101395421A09BB700F9C5F2 /* hideventsystem.h */,
				21C130FC214C1EC00021AA9D /* untar.h */,
				21C130FA214C1EBA0021AA9D /* untar.c */,
				21A97FC42148103A00DC0023 /* kexecute.h */,
				21A97FC82148103B00DC0023 /* kexecute.m */,
				21A97FCC2148103B00DC0023 /* kutils.c */,
				21A97FC92148103B00DC0023 /* kutils.h */,
				21A97FCA2148103B00DC0023 /* patchfinder64.c */,
				21A97FCB2148103B00DC0023 /* patchfinder64.h */,
				21A97FCD2148103B00DC0023 /* remote_call.c */,
				21A97FC52148103B00DC0023 /* remote_call.h */,
				21A97FC62148103B00DC0023 /* remote_memory.c */,
				21A97FCE2148103C00DC0023 /* remote_memory.h */,
				21C130DE214BC2880021AA9D /* unlocknvram.c */,
				21C130DF214BC2880021AA9D /* unlocknvram.h */,
				212D8849216E4EBE00A36DA5 /* async_wake.c */,
				212D8848216E4EBE00A36DA5 /* async_wake.h */,
				212D8846216E4DF600A36DA5 /* early_kalloc.c */,
				212D8845216E4DF600A36DA5 /* early_kalloc.h */,
				212D8842216E4C4700A36DA5 /* find_port.c */,
				212D8843216E4C4700A36DA5 /* find_port.h */,
				21C0FC8521369EE900849420 /* empty_list_sploit.c */,
				21C0FC8121369EE900849420 /* empty_list_sploit.h */,
				21C13117214D268F0021AA9D /* multi_path_sploit.c */,
				21C13118214D268F0021AA9D /* multi_path_sploit.h */,
				21C0FC8021369EE900849420 /* kmem.c */,
				21C0FC8321369EE900849420 /* kmem.h */,
				21C0FC8221369EE900849420 /* offsets.h */,
				21C0FC8621369EE900849420 /* offsets.m */,
				21C0FC6A21369EB700849420 /* AppDelegate.h */,
				21C0FC6B21369EB700849420 /* AppDelegate.m */,
				21C0FC6D21369EB700849420 /* ViewController.h */,
				21C0FC6E21369EB700849420 /* ViewController.m */,
				21C130E4214BDDE20021AA9D /* SettingsTableViewController.h */,
				21C130E5214BDDE20021AA9D /* SettingsTableViewController.m */,
				21C0FC7921369EB800849420 /* main.m */,
				21C130E9214C03690021AA9D /* CreditsTableViewController.h */,
				21C130EA214C03690021AA9D /* CreditsTableViewController.m */,
				22C546AC21A8A91A00EFC09C /* utils.h */,
				22C546AA21A8A8FD00EFC09C /* utils.m */,
				225D142321E055E90045493D /* unar.h */,
				225D142121E052960045493D /* unar.m */,
			);
			path = source;
			sourceTree = "<group>";
		};
		2170BDCC21B330210059BD10 /* frameworks */ = {
			isa = PBXGroup;
			children = (
				21C0FC902136A46500849420 /* SpringBoardServices.framework */,
			);
			path = frameworks;
			sourceTree = "<group>";
		};
		21C0FC5E21369EB700849420 = {
			isa = PBXGroup;
			children = (
				21C0FC6921369EB700849420 /* Undecimus */,
				21C0FC6821369EB700849420 /* Products */,
				21675B62214A68B700D20E2B /* Frameworks */,
			);
			sourceTree = "<group>";
			wrapsLines = 0;
		};
		21C0FC6821369EB700849420 /* Products */ = {
			isa = PBXGroup;
			children = (
				21C0FC6721369EB700849420 /* Undecimus.app */,
			);
			name = Products;
			sourceTree = "<group>";
		};
		21C0FC6921369EB700849420 /* Undecimus */ = {
			isa = PBXGroup;
			children = (
				2170BDCC21B330210059BD10 /* frameworks */,
				2170BDCB21B32FF10059BD10 /* source */,
				2170BD3621B192B90059BD10 /* resources */,
				2170BD3521B192A30059BD10 /* libs */,
				2170BD3421B192750059BD10 /* include */,
				8D592A67218E47F60035D2BC /* Main.storyboard */,
				21C0FC7321369EB800849420 /* Assets.xcassets */,
				21C0FC7521369EB800849420 /* LaunchScreen.storyboard */,
				21C0FC7821369EB800849420 /* Info.plist */,
			);
			path = Undecimus;
			sourceTree = "<group>";
		};
		22F91CD821E02CC700B2FCAE /* injector */ = {
			isa = PBXGroup;
			children = (
				22F91CDA21E02CF300B2FCAE /* inject.h */,
				22F91CD921E02CF200B2FCAE /* inject.m */,
			);
			name = injector;
			sourceTree = "<group>";
		};
		22F91CDC21E02D0B00B2FCAE /* snappy */ = {
			isa = PBXGroup;
			children = (
				22F91CE221E033A500B2FCAE /* libsnappy.c */,
				22F91CDE21E02EB000B2FCAE /* snappy.h */,
			);
			name = snappy;
			sourceTree = "<group>";
		};
/* End PBXGroup section */

/* Begin PBXNativeTarget section */
		21C0FC6621369EB700849420 /* Undecimus */ = {
			isa = PBXNativeTarget;
			buildConfigurationList = 21C0FC7D21369EB800849420 /* Build configuration list for PBXNativeTarget "Undecimus" */;
			buildPhases = (
				21C0FC6321369EB700849420 /* Sources */,
				21C0FC6521369EB700849420 /* Resources */,
				21C0FC6421369EB700849420 /* Frameworks */,
				22C546CD21A8E5B800EFC09C /* ShellScript */,
			);
			buildRules = (
			);
			dependencies = (
			);
			name = Undecimus;
			productName = Rollectra;
			productReference = 21C0FC6721369EB700849420 /* Undecimus.app */;
			productType = "com.apple.product-type.application";
		};
/* End PBXNativeTarget section */

/* Begin PBXProject section */
		21C0FC5F21369EB700849420 /* Project object */ = {
			isa = PBXProject;
			attributes = {
				LastUpgradeCheck = 0940;
				ORGANIZATIONNAME = Pwn20wnd;
				TargetAttributes = {
					21C0FC6621369EB700849420 = {
						CreatedOnToolsVersion = 9.4.1;
						ProvisioningStyle = Manual;
					};
				};
			};
			buildConfigurationList = 21C0FC6221369EB700849420 /* Build configuration list for PBXProject "Undecimus" */;
			compatibilityVersion = "Xcode 8.0";
			developmentRegion = en;
			hasScannedForEncodings = 0;
			knownRegions = (
				en,
				Base,
			);
			mainGroup = 21C0FC5E21369EB700849420;
			productRefGroup = 21C0FC6821369EB700849420 /* Products */;
			projectDirPath = "";
			projectRoot = "";
			targets = (
				21C0FC6621369EB700849420 /* Undecimus */,
			);
		};
/* End PBXProject section */

/* Begin PBXResourcesBuildPhase section */
		21C0FC6521369EB700849420 /* Resources */ = {
			isa = PBXResourcesBuildPhase;
			buildActionMask = 2147483647;
			files = (
				225D142521E0593E0045493D /* mobilesubstrate.deb in Resources */,
				227629A521C64E640060080A /* substrate-dummy.deb in Resources */,
				21466CDE21AEEC9200B99B4C /* spawn.deb in Resources */,
				21466CDC21AEEA3A00B99B4C /* injector.deb in Resources */,
				22C546C721A8D8AC00EFC09C /* ca-certificates.deb in Resources */,
				22C546C821A8D8AC00EFC09C /* cydia-lproj.deb in Resources */,
				22C546C921A8D8AC00EFC09C /* cydia.deb in Resources */,
				22C546CA21A8D8AC00EFC09C /* openssh.deb in Resources */,
				22C546CB21A8D8AC00EFC09C /* openssl.deb in Resources */,
				22C546CC21A8D8AC00EFC09C /* resources.deb in Resources */,
				21C13110214C2E570021AA9D /* strap.tar.lzma in Resources */,
				21C0FC7721369EB800849420 /* LaunchScreen.storyboard in Resources */,
				8D592A68218E47F60035D2BC /* Main.storyboard in Resources */,
				21FED6A72168DB460024BC95 /* Painting_With_Chocolate.ttf in Resources */,
				21C0FC7421369EB800849420 /* Assets.xcassets in Resources */,
				21C13116214C51100021AA9D /* lzma.tar in Resources */,
				2139534C21763A0C00B17F8D /* rsync.tar in Resources */,
				22C546BA21A8D59C00EFC09C /* amfid_payload.tar in Resources */,
				21C13105214C20950021AA9D /* tar.tar in Resources */,
			);
			runOnlyForDeploymentPostprocessing = 0;
		};
/* End PBXResourcesBuildPhase section */

/* Begin PBXShellScriptBuildPhase section */
		22C546CD21A8E5B800EFC09C /* ShellScript */ = {
			isa = PBXShellScriptBuildPhase;
			buildActionMask = 2147483647;
			files = (
			);
			inputPaths = (
				"${TARGET_BUILD_DIR}/${INFOPLIST_PATH}",
			);
			outputPaths = (
			);
			runOnlyForDeploymentPostprocessing = 0;
			shellPath = /bin/sh;
			shellScript = "# Get path for dpkg\nset -e\nif [ -f ~/.profile ]; then\n    . ~/.profile\nfi\nRESOURCES_VERSION=\"$(dpkg --info Undecimus/resources/resources.deb | grep Version: | awk '{print $2}')\"\nif [ -z \"${RESOURCES_VERSION}\" ]; then\n    echo \"dpkg not found or resources.deb missing\"\n    exit 1\nfi\ndefaults write \"${TARGET_BUILD_DIR}/${INFOPLIST_PATH}\" BundledResources \"${RESOURCES_VERSION}\"\n";
		};
/* End PBXShellScriptBuildPhase section */

/* Begin PBXSourcesBuildPhase section */
		21C0FC6321369EB700849420 /* Sources */ = {
			isa = PBXSourcesBuildPhase;
			buildActionMask = 2147483647;
			files = (
				21FED6AB2168F8060024BC95 /* SettingsTableViewController.m in Sources */,
				21A97FD12148103C00DC0023 /* kexecute.m in Sources */,
				212D8844216E4C4800A36DA5 /* find_port.c in Sources */,
				22C546AB21A8A8FD00EFC09C /* utils.m in Sources */,
				22F91CE321E033A500B2FCAE /* libsnappy.c in Sources */,
				212D8841216B9FB400A36DA5 /* patchfinder64.c in Sources */,
				21A97FD42148103C00DC0023 /* remote_call.c in Sources */,
				21C130E0214BC2880021AA9D /* unlocknvram.c in Sources */,
				21C130FB214C1EBA0021AA9D /* untar.c in Sources */,
				21C13119214D268F0021AA9D /* multi_path_sploit.c in Sources */,
				2116449A21737F9500250744 /* ViewController.m in Sources */,
				22F91CDB21E02CF300B2FCAE /* inject.m in Sources */,
				21C1312F214E69F80021AA9D /* empty_list_sploit.c in Sources */,
				21C0FC8721369EE900849420 /* kmem.c in Sources */,
				21C0FC7A21369EB800849420 /* main.m in Sources */,
				212D8847216E4DF600A36DA5 /* early_kalloc.c in Sources */,
				21A97FD02148103C00DC0023 /* remote_memory.c in Sources */,
				21A97FD32148103C00DC0023 /* kutils.c in Sources */,
				21C0FC8A21369EE900849420 /* offsets.m in Sources */,
				212D884A216E4EBF00A36DA5 /* async_wake.c in Sources */,
				2101395521A09BB700F9C5F2 /* hideventsystem.c in Sources */,
				21C130EB214C03690021AA9D /* CreditsTableViewController.m in Sources */,
				21C0FC6C21369EB700849420 /* AppDelegate.m in Sources */,
				225D142221E052960045493D /* unar.m in Sources */,
			);
			runOnlyForDeploymentPostprocessing = 0;
		};
/* End PBXSourcesBuildPhase section */

/* Begin PBXVariantGroup section */
		21C0FC7521369EB800849420 /* LaunchScreen.storyboard */ = {
			isa = PBXVariantGroup;
			children = (
				21C0FC7621369EB800849420 /* Base */,
			);
			name = LaunchScreen.storyboard;
			sourceTree = "<group>";
		};
/* End PBXVariantGroup section */

/* Begin XCBuildConfiguration section */
		21C0FC7B21369EB800849420 /* Debug */ = {
			isa = XCBuildConfiguration;
			buildSettings = {
				ALWAYS_SEARCH_USER_PATHS = NO;
				CLANG_ANALYZER_NONNULL = YES;
				CLANG_ANALYZER_NUMBER_OBJECT_CONVERSION = YES_AGGRESSIVE;
				CLANG_CXX_LANGUAGE_STANDARD = "gnu++14";
				CLANG_CXX_LIBRARY = "libc++";
				CLANG_ENABLE_MODULES = YES;
				CLANG_ENABLE_OBJC_ARC = YES;
				CLANG_ENABLE_OBJC_WEAK = YES;
				CLANG_WARN_BLOCK_CAPTURE_AUTORELEASING = YES;
				CLANG_WARN_BOOL_CONVERSION = YES;
				CLANG_WARN_COMMA = YES;
				CLANG_WARN_CONSTANT_CONVERSION = YES;
				CLANG_WARN_DEPRECATED_OBJC_IMPLEMENTATIONS = YES;
				CLANG_WARN_DIRECT_OBJC_ISA_USAGE = YES_ERROR;
				CLANG_WARN_DOCUMENTATION_COMMENTS = YES;
				CLANG_WARN_EMPTY_BODY = YES;
				CLANG_WARN_ENUM_CONVERSION = YES;
				CLANG_WARN_INFINITE_RECURSION = YES;
				CLANG_WARN_INT_CONVERSION = YES;
				CLANG_WARN_NON_LITERAL_NULL_CONVERSION = YES;
				CLANG_WARN_OBJC_IMPLICIT_RETAIN_SELF = YES;
				CLANG_WARN_OBJC_LITERAL_CONVERSION = YES;
				CLANG_WARN_OBJC_ROOT_CLASS = YES_ERROR;
				CLANG_WARN_RANGE_LOOP_ANALYSIS = YES;
				CLANG_WARN_STRICT_PROTOTYPES = YES;
				CLANG_WARN_SUSPICIOUS_MOVE = YES;
				CLANG_WARN_UNGUARDED_AVAILABILITY = YES_AGGRESSIVE;
				CLANG_WARN_UNREACHABLE_CODE = YES;
				CLANG_WARN__DUPLICATE_METHOD_MATCH = YES;
				CODE_SIGN_IDENTITY = "iPhone Developer";
				COPY_PHASE_STRIP = NO;
				DEBUG_INFORMATION_FORMAT = dwarf;
				ENABLE_STRICT_OBJC_MSGSEND = YES;
				ENABLE_TESTABILITY = YES;
				GCC_C_LANGUAGE_STANDARD = gnu11;
				GCC_DYNAMIC_NO_PIC = NO;
				GCC_NO_COMMON_BLOCKS = YES;
				GCC_OPTIMIZATION_LEVEL = 0;
				GCC_PREPROCESSOR_DEFINITIONS = (
					"DEBUG=1",
					"$(inherited)",
				);
				GCC_WARN_64_TO_32_BIT_CONVERSION = YES;
				GCC_WARN_ABOUT_RETURN_TYPE = YES_ERROR;
				GCC_WARN_UNDECLARED_SELECTOR = YES;
				GCC_WARN_UNINITIALIZED_AUTOS = YES_AGGRESSIVE;
				GCC_WARN_UNUSED_FUNCTION = YES;
				GCC_WARN_UNUSED_VARIABLE = YES;
				IPHONEOS_DEPLOYMENT_TARGET = 11.4;
				MTL_ENABLE_DEBUG_INFO = YES;
				ONLY_ACTIVE_ARCH = YES;
				SDKROOT = iphoneos;
			};
			name = Debug;
		};
		21C0FC7C21369EB800849420 /* Release */ = {
			isa = XCBuildConfiguration;
			buildSettings = {
				ALWAYS_SEARCH_USER_PATHS = NO;
				CLANG_ANALYZER_NONNULL = YES;
				CLANG_ANALYZER_NUMBER_OBJECT_CONVERSION = YES_AGGRESSIVE;
				CLANG_CXX_LANGUAGE_STANDARD = "gnu++14";
				CLANG_CXX_LIBRARY = "libc++";
				CLANG_ENABLE_MODULES = YES;
				CLANG_ENABLE_OBJC_ARC = YES;
				CLANG_ENABLE_OBJC_WEAK = YES;
				CLANG_WARN_BLOCK_CAPTURE_AUTORELEASING = YES;
				CLANG_WARN_BOOL_CONVERSION = YES;
				CLANG_WARN_COMMA = YES;
				CLANG_WARN_CONSTANT_CONVERSION = YES;
				CLANG_WARN_DEPRECATED_OBJC_IMPLEMENTATIONS = YES;
				CLANG_WARN_DIRECT_OBJC_ISA_USAGE = YES_ERROR;
				CLANG_WARN_DOCUMENTATION_COMMENTS = YES;
				CLANG_WARN_EMPTY_BODY = YES;
				CLANG_WARN_ENUM_CONVERSION = YES;
				CLANG_WARN_INFINITE_RECURSION = YES;
				CLANG_WARN_INT_CONVERSION = YES;
				CLANG_WARN_NON_LITERAL_NULL_CONVERSION = YES;
				CLANG_WARN_OBJC_IMPLICIT_RETAIN_SELF = YES;
				CLANG_WARN_OBJC_LITERAL_CONVERSION = YES;
				CLANG_WARN_OBJC_ROOT_CLASS = YES_ERROR;
				CLANG_WARN_RANGE_LOOP_ANALYSIS = YES;
				CLANG_WARN_STRICT_PROTOTYPES = YES;
				CLANG_WARN_SUSPICIOUS_MOVE = YES;
				CLANG_WARN_UNGUARDED_AVAILABILITY = YES_AGGRESSIVE;
				CLANG_WARN_UNREACHABLE_CODE = YES;
				CLANG_WARN__DUPLICATE_METHOD_MATCH = YES;
				CODE_SIGN_IDENTITY = "iPhone Developer";
				COPY_PHASE_STRIP = NO;
				DEBUG_INFORMATION_FORMAT = "dwarf-with-dsym";
				ENABLE_NS_ASSERTIONS = NO;
				ENABLE_STRICT_OBJC_MSGSEND = YES;
				GCC_C_LANGUAGE_STANDARD = gnu11;
				GCC_NO_COMMON_BLOCKS = YES;
				GCC_WARN_64_TO_32_BIT_CONVERSION = YES;
				GCC_WARN_ABOUT_RETURN_TYPE = YES_ERROR;
				GCC_WARN_UNDECLARED_SELECTOR = YES;
				GCC_WARN_UNINITIALIZED_AUTOS = YES_AGGRESSIVE;
				GCC_WARN_UNUSED_FUNCTION = YES;
				GCC_WARN_UNUSED_VARIABLE = YES;
				IPHONEOS_DEPLOYMENT_TARGET = 11.4;
				MTL_ENABLE_DEBUG_INFO = NO;
				SDKROOT = iphoneos;
				VALIDATE_PRODUCT = YES;
			};
			name = Release;
		};
		21C0FC7E21369EB800849420 /* Debug */ = {
			isa = XCBuildConfiguration;
			buildSettings = {
				ALWAYS_SEARCH_USER_PATHS = YES;
				ASSETCATALOG_COMPILER_APPICON_NAME = AppIcon;
				CLANG_ENABLE_OBJC_ARC = YES;
				CODE_SIGN_ENTITLEMENTS = "$(SRCROOT)/Undecimus/resources/multi_path.entitlements";
				CODE_SIGN_IDENTITY = "iPhone Developer";
				CODE_SIGN_STYLE = Manual;
				DEVELOPMENT_TEAM = "";
				ENABLE_BITCODE = NO;
				FRAMEWORK_SEARCH_PATHS = (
					"$(inherited)",
					"$(PROJECT_DIR)/Undecimus",
					"$(PROJECT_DIR)/Undecimus/frameworks",
				);
				HEADER_SEARCH_PATHS = (
					"$(inherited)",
					"$(PROJECT_DIR)/Undecimus/include",
					"$(PROJECT_DIR)/snappy",
					"$(PROJECT_DIR)/Injector",
				);
				INFOPLIST_FILE = Undecimus/Info.plist;
				IPHONEOS_DEPLOYMENT_TARGET = 11.0;
				LD_RUNPATH_SEARCH_PATHS = "$(inherited) @executable_path/Frameworks";
				LIBRARY_SEARCH_PATHS = (
					"$(inherited)",
					"$(PROJECT_DIR)/Undecimus",
					"$(PROJECT_DIR)/Undecimus/libs",
				);
				OTHER_CFLAGS = "";
				"OTHER_CFLAGS[arch=*]" = "-DUNDECIMUS";
				OTHER_LDFLAGS = (
					"-framework",
					IOKit,
				);
				PRODUCT_BUNDLE_IDENTIFIER = science.xnu.undecimus;
				PRODUCT_NAME = "$(TARGET_NAME)";
				PROVISIONING_PROFILE_SPECIFIER = "";
				TARGETED_DEVICE_FAMILY = "1,2";
			};
			name = Debug;
		};
		21C0FC7F21369EB800849420 /* Release */ = {
			isa = XCBuildConfiguration;
			buildSettings = {
				ALWAYS_SEARCH_USER_PATHS = YES;
				ASSETCATALOG_COMPILER_APPICON_NAME = AppIcon;
				CLANG_ENABLE_OBJC_ARC = YES;
				CODE_SIGN_ENTITLEMENTS = "$(SRCROOT)/Undecimus/resources/multi_path.entitlements";
				CODE_SIGN_IDENTITY = "iPhone Developer";
				CODE_SIGN_STYLE = Manual;
				DEVELOPMENT_TEAM = "";
				ENABLE_BITCODE = NO;
				FRAMEWORK_SEARCH_PATHS = (
					"$(inherited)",
					"$(PROJECT_DIR)/Undecimus",
					"$(PROJECT_DIR)/Undecimus/frameworks",
				);
				HEADER_SEARCH_PATHS = (
					"$(inherited)",
					"$(PROJECT_DIR)/Undecimus/include",
					"$(PROJECT_DIR)/snappy",
					"$(PROJECT_DIR)/Injector",
				);
				INFOPLIST_FILE = Undecimus/Info.plist;
				IPHONEOS_DEPLOYMENT_TARGET = 11.0;
				LD_RUNPATH_SEARCH_PATHS = "$(inherited) @executable_path/Frameworks";
				LIBRARY_SEARCH_PATHS = (
					"$(inherited)",
					"$(PROJECT_DIR)/Undecimus",
					"$(PROJECT_DIR)/Undecimus/libs",
				);
				OTHER_CFLAGS = "";
				"OTHER_CFLAGS[arch=*]" = "-DUNDECIMUS";
				OTHER_LDFLAGS = (
					"-framework",
					IOKit,
				);
				PRODUCT_BUNDLE_IDENTIFIER = science.xnu.undecimus;
				PRODUCT_NAME = "$(TARGET_NAME)";
				PROVISIONING_PROFILE_SPECIFIER = "";
				TARGETED_DEVICE_FAMILY = "1,2";
			};
			name = Release;
		};
/* End XCBuildConfiguration section */

/* Begin XCConfigurationList section */
		21C0FC6221369EB700849420 /* Build configuration list for PBXProject "Undecimus" */ = {
			isa = XCConfigurationList;
			buildConfigurations = (
				21C0FC7B21369EB800849420 /* Debug */,
				21C0FC7C21369EB800849420 /* Release */,
			);
			defaultConfigurationIsVisible = 0;
			defaultConfigurationName = Release;
		};
		21C0FC7D21369EB800849420 /* Build configuration list for PBXNativeTarget "Undecimus" */ = {
			isa = XCConfigurationList;
			buildConfigurations = (
				21C0FC7E21369EB800849420 /* Debug */,
				21C0FC7F21369EB800849420 /* Release */,
			);
			defaultConfigurationIsVisible = 0;
			defaultConfigurationName = Release;
		};
/* End XCConfigurationList section */
	};
	rootObject = 21C0FC5F21369EB700849420 /* Project object */;
}
